// !$*UTF8*$!
{
	archiveVersion = 1;
	classes = {
	};
	objectVersion = 46;
	objects = {

/* Begin PBXBuildFile section */
		604350F915790BC600FEC968 /* UIKit.framework in Frameworks */ = {isa = PBXBuildFile; fileRef = 604350F815790BC600FEC968 /* UIKit.framework */; };
		604350FB15790BC600FEC968 /* Foundation.framework in Frameworks */ = {isa = PBXBuildFile; fileRef = 604350FA15790BC600FEC968 /* Foundation.framework */; };
		604350FD15790BC600FEC968 /* CoreGraphics.framework in Frameworks */ = {isa = PBXBuildFile; fileRef = 604350FC15790BC600FEC968 /* CoreGraphics.framework */; };
		6043510315790BC600FEC968 /* InfoPlist.strings in Resources */ = {isa = PBXBuildFile; fileRef = 6043510115790BC600FEC968 /* InfoPlist.strings */; };
		6043510515790BC600FEC968 /* main.m in Sources */ = {isa = PBXBuildFile; fileRef = 6043510415790BC600FEC968 /* main.m */; };
		6043510915790BC600FEC968 /* AppDelegate.m in Sources */ = {isa = PBXBuildFile; fileRef = 6043510815790BC600FEC968 /* AppDelegate.m */; };
/* End PBXBuildFile section */

/* Begin PBXFileReference section */
		604350F415790BC600FEC968 /* D3Checker.app */ = {isa = PBXFileReference; explicitFileType = wrapper.application; includeInIndex = 0; path = D3Checker.app; sourceTree = BUILT_PRODUCTS_DIR; };
		604350F815790BC600FEC968 /* UIKit.framework */ = {isa = PBXFileReference; lastKnownFileType = wrapper.framework; name = UIKit.framework; path = System/Library/Frameworks/UIKit.framework; sourceTree = SDKROOT; };
		604350FA15790BC600FEC968 /* Foundation.framework */ = {isa = PBXFileReference; lastKnownFileType = wrapper.framework; name = Foundation.framework; path = System/Library/Frameworks/Foundation.framework; sourceTree = SDKROOT; };
		604350FC15790BC600FEC968 /* CoreGraphics.framework */ = {isa = PBXFileReference; lastKnownFileType = wrapper.framework; name = CoreGraphics.framework; path = System/Library/Frameworks/CoreGraphics.framework; sourceTree = SDKROOT; };
		6043510015790BC600FEC968 /* D3Checker-Info.plist */ = {isa = PBXFileReference; lastKnownFileType = text.plist.xml; path = "D3Checker-Info.plist"; sourceTree = "<group>"; };
		6043510215790BC600FEC968 /* en */ = {isa = PBXFileReference; lastKnownFileType = text.plist.strings; name = en; path = en.lproj/InfoPlist.strings; sourceTree = "<group>"; };
		6043510415790BC600FEC968 /* main.m */ = {isa = PBXFileReference; lastKnownFileType = sourcecode.c.objc; path = main.m; sourceTree = "<group>"; };
		6043510615790BC600FEC968 /* D3Checker-Prefix.pch */ = {isa = PBXFileReference; lastKnownFileType = sourcecode.c.h; path = "D3Checker-Prefix.pch"; sourceTree = "<group>"; };
		6043510715790BC600FEC968 /* AppDelegate.h */ = {isa = PBXFileReference; lastKnownFileType = sourcecode.c.h; path = AppDelegate.h; sourceTree = "<group>"; };
		6043510815790BC600FEC968 /* AppDelegate.m */ = {isa = PBXFileReference; lastKnownFileType = sourcecode.c.objc; path = AppDelegate.m; sourceTree = "<group>"; };
/* End PBXFileReference section */

/* Begin PBXFrameworksBuildPhase section */
		604350F115790BC600FEC968 /* Frameworks */ = {
			isa = PBXFrameworksBuildPhase;
			buildActionMask = 2147483647;
			files = (
				604350F915790BC600FEC968 /* UIKit.framework in Frameworks */,
				604350FB15790BC600FEC968 /* Foundation.framework in Frameworks */,
				604350FD15790BC600FEC968 /* CoreGraphics.framework in Frameworks */,
			);
			runOnlyForDeploymentPostprocessing = 0;
		};
/* End PBXFrameworksBuildPhase section */

/* Begin PBXGroup section */
		604350E915790BC600FEC968 = {
			isa = PBXGroup;
			children = (
				604350FE15790BC600FEC968 /* D3Checker */,
				604350F715790BC600FEC968 /* Frameworks */,
				604350F515790BC600FEC968 /* Products */,
			);
			sourceTree = "<group>";
		};
		604350F515790BC600FEC968 /* Products */ = {
			isa = PBXGroup;
			children = (
				604350F415790BC600FEC968 /* D3Checker.app */,
			);
			name = Products;
			sourceTree = "<group>";
		};
		604350F715790BC600FEC968 /* Frameworks */ = {
			isa = PBXGroup;
			children = (
				604350F815790BC600FEC968 /* UIKit.framework */,
				604350FA15790BC600FEC968 /* Foundation.framework */,
				604350FC15790BC600FEC968 /* CoreGraphics.framework */,
			);
			name = Frameworks;
			sourceTree = "<group>";
		};
		604350FE15790BC600FEC968 /* D3Checker */ = {
			isa = PBXGroup;
			children = (
				6043510715790BC600FEC968 /* AppDelegate.h */,
				6043510815790BC600FEC968 /* AppDelegate.m */,
				604350FF15790BC600FEC968 /* Supporting Files */,
			);
			path = D3Checker;
			sourceTree = "<group>";
		};
		604350FF15790BC600FEC968 /* Supporting Files */ = {
			isa = PBXGroup;
			children = (
				6043510015790BC600FEC968 /* D3Checker-Info.plist */,
				6043510115790BC600FEC968 /* InfoPlist.strings */,
				6043510415790BC600FEC968 /* main.m */,
				6043510615790BC600FEC968 /* D3Checker-Prefix.pch */,
			);
			name = "Supporting Files";
			sourceTree = "<group>";
		};
/* End PBXGroup section */

/* Begin PBXNativeTarget section */
		604350F315790BC600FEC968 /* D3Checker */ = {
			isa = PBXNativeTarget;
			buildConfigurationList = 6043510C15790BC600FEC968 /* Build configuration list for PBXNativeTarget "D3Checker" */;
			buildPhases = (
				604350F015790BC600FEC968 /* Sources */,
				604350F115790BC600FEC968 /* Frameworks */,
				604350F215790BC600FEC968 /* Resources */,
			);
			buildRules = (
			);
			dependencies = (
			);
			name = D3Checker;
			productName = D3Checker;
			productReference = 604350F415790BC600FEC968 /* D3Checker.app */;
			productType = "com.apple.product-type.application";
		};
/* End PBXNativeTarget section */

/* Begin PBXProject section */
		604350EB15790BC600FEC968 /* Project object */ = {
			isa = PBXProject;
			attributes = {
				LastUpgradeCheck = 0430;
				ORGANIZATIONNAME = "shawnt22@gmail.com ";
			};
			buildConfigurationList = 604350EE15790BC600FEC968 /* Build configuration list for PBXProject "D3Checker" */;
			compatibilityVersion = "Xcode 3.2";
			developmentRegion = English;
			hasScannedForEncodings = 0;
			knownRegions = (
				en,
			);
			mainGroup = 604350E915790BC600FEC968;
			productRefGroup = 604350F515790BC600FEC968 /* Products */;
			projectDirPath = "";
			projectRoot = "";
			targets = (
				604350F315790BC600FEC968 /* D3Checker */,
			);
		};
/* End PBXProject section */

/* Begin PBXResourcesBuildPhase section */
		604350F215790BC600FEC968 /* Resources */ = {
			isa = PBXResourcesBuildPhase;
			buildActionMask = 2147483647;
			files = (
				6043510315790BC600FEC968 /* InfoPlist.strings in Resources */,
			);
			runOnlyForDeploymentPostprocessing = 0;
		};
/* End PBXResourcesBuildPhase section */

/* Begin PBXSourcesBuildPhase section */
		604350F015790BC600FEC968 /* Sources */ = {
			isa = PBXSourcesBuildPhase;
			buildActionMask = 2147483647;
			files = (
				6043510515790BC600FEC968 /* main.m in Sources */,
				6043510915790BC600FEC968 /* AppDelegate.m in Sources */,
			);
			runOnlyForDeploymentPostprocessing = 0;
		};
/* End PBXSourcesBuildPhase section */

/* Begin PBXVariantGroup section */
		6043510115790BC600FEC968 /* InfoPlist.strings */ = {
			isa = PBXVariantGroup;
			children = (
				6043510215790BC600FEC968 /* en */,
			);
			name = InfoPlist.strings;
			sourceTree = "<group>";
		};
/* End PBXVariantGroup section */

/* Begin XCBuildConfiguration section */
		6043510A15790BC600FEC968 /* Debug */ = {
			isa = XCBuildConfiguration;
			buildSettings = {
				ALWAYS_SEARCH_USER_PATHS = NO;
				ARCHS = "$(ARCHS_STANDARD_32_BIT)";
				"CODE_SIGN_IDENTITY[sdk=iphoneos*]" = "iPhone Developer";
				COPY_PHASE_STRIP = NO;
				GCC_C_LANGUAGE_STANDARD = gnu99;
				GCC_DYNAMIC_NO_PIC = NO;
				GCC_OPTIMIZATION_LEVEL = 0;
				GCC_PREPROCESSOR_DEFINITIONS = (
					"DEBUG=1",
					"$(inherited)",
				);
				GCC_SYMBOLS_PRIVATE_EXTERN = NO;
				GCC_VERSION = com.apple.compilers.llvm.clang.1_0;
				GCC_WARN_ABOUT_RETURN_TYPE = YES;
				GCC_WARN_UNINITIALIZED_AUTOS = YES;
				GCC_WARN_UNUSED_VARIABLE = YES;
				IPHONEOS_DEPLOYMENT_TARGET = 4.0;
				SDKROOT = iphoneos;
			};
			name = Debug;
		};
		6043510B15790BC600FEC968 /* Release */ = {
			isa = XCBuildConfiguration;
			buildSettings = {
				ALWAYS_SEARCH_USER_PATHS = NO;
				ARCHS = "$(ARCHS_STANDARD_32_BIT)";
				"CODE_SIGN_IDENTITY[sdk=iphoneos*]" = "iPhone Developer";
				COPY_PHASE_STRIP = YES;
				GCC_C_LANGUAGE_STANDARD = gnu99;
				GCC_VERSION = com.apple.compilers.llvm.clang.1_0;
				GCC_WARN_ABOUT_RETURN_TYPE = YES;
				GCC_WARN_UNINITIALIZED_AUTOS = YES;
				GCC_WARN_UNUSED_VARIABLE = YES;
				IPHONEOS_DEPLOYMENT_TARGET = 4.0;
				OTHER_CFLAGS = "-DNS_BLOCK_ASSERTIONS=1";
				SDKROOT = iphoneos;
				VALIDATE_PRODUCT = YES;
			};
			name = Release;
		};
		6043510D15790BC600FEC968 /* Debug */ = {
			isa = XCBuildConfiguration;
			buildSettings = {
				GCC_PRECOMPILE_PREFIX_HEADER = YES;
				GCC_PREFIX_HEADER = "D3Checker/D3Checker-Prefix.pch";
				INFOPLIST_FILE = "D3Checker/D3Checker-Info.plist";
				PRODUCT_NAME = "$(TARGET_NAME)";
				WRAPPER_EXTENSION = app;
			};
			name = Debug;
		};
		6043510E15790BC600FEC968 /* Release */ = {
			isa = XCBuildConfiguration;
			buildSettings = {
				GCC_PRECOMPILE_PREFIX_HEADER = YES;
				GCC_PREFIX_HEADER = "D3Checker/D3Checker-Prefix.pch";
				INFOPLIST_FILE = "D3Checker/D3Checker-Info.plist";
				PRODUCT_NAME = "$(TARGET_NAME)";
				WRAPPER_EXTENSION = app;
			};
			name = Release;
		};
/* End XCBuildConfiguration section */

/* Begin XCConfigurationList section */
		604350EE15790BC600FEC968 /* Build configuration list for PBXProject "D3Checker" */ = {
			isa = XCConfigurationList;
			buildConfigurations = (
				6043510A15790BC600FEC968 /* Debug */,
				6043510B15790BC600FEC968 /* Release */,
			);
			defaultConfigurationIsVisible = 0;
			defaultConfigurationName = Release;
		};
		6043510C15790BC600FEC968 /* Build configuration list for PBXNativeTarget "D3Checker" */ = {
			isa = XCConfigurationList;
			buildConfigurations = (
				6043510D15790BC600FEC968 /* Debug */,
				6043510E15790BC600FEC968 /* Release */,
			);
			defaultConfigurationIsVisible = 0;
		};
/* End XCConfigurationList section */
	};
	rootObject = 604350EB15790BC600FEC968 /* Project object */;
}
