// !$*UTF8*$!
{
	archiveVersion = 1;
	classes = {
	};
	objectVersion = 46;
	objects = {

/* Begin PBXBuildFile section */
		601934851579FA0500257D1D /* D3ServerStatusCell.m in Sources */ = {isa = PBXBuildFile; fileRef = 601934841579FA0500257D1D /* D3ServerStatusCell.m */; };
		6019348C157A0A8400257D1D /* D3SettingsCell.m in Sources */ = {isa = PBXBuildFile; fileRef = 6019348B157A0A8400257D1D /* D3SettingsCell.m */; };
		60193493157A150B00257D1D /* D3SelectLanguageViewController.m in Sources */ = {isa = PBXBuildFile; fileRef = 60193492157A150B00257D1D /* D3SelectLanguageViewController.m */; };
		604350F915790BC600FEC968 /* UIKit.framework in Frameworks */ = {isa = PBXBuildFile; fileRef = 604350F815790BC600FEC968 /* UIKit.framework */; };
		604350FB15790BC600FEC968 /* Foundation.framework in Frameworks */ = {isa = PBXBuildFile; fileRef = 604350FA15790BC600FEC968 /* Foundation.framework */; };
		604350FD15790BC600FEC968 /* CoreGraphics.framework in Frameworks */ = {isa = PBXBuildFile; fileRef = 604350FC15790BC600FEC968 /* CoreGraphics.framework */; };
		6043510315790BC600FEC968 /* InfoPlist.strings in Resources */ = {isa = PBXBuildFile; fileRef = 6043510115790BC600FEC968 /* InfoPlist.strings */; };
		6043510515790BC600FEC968 /* main.m in Sources */ = {isa = PBXBuildFile; fileRef = 6043510415790BC600FEC968 /* main.m */; };
		6043510915790BC600FEC968 /* AppDelegate.m in Sources */ = {isa = PBXBuildFile; fileRef = 6043510815790BC600FEC968 /* AppDelegate.m */; };
		6043511515790D0600FEC968 /* HTMLNode.m in Sources */ = {isa = PBXBuildFile; fileRef = 6043511115790D0600FEC968 /* HTMLNode.m */; };
		6043511615790D0600FEC968 /* HTMLParser.m in Sources */ = {isa = PBXBuildFile; fileRef = 6043511315790D0600FEC968 /* HTMLParser.m */; };
		6043511715790D0600FEC968 /* README.md in Resources */ = {isa = PBXBuildFile; fileRef = 6043511415790D0600FEC968 /* README.md */; };
		6043512015790D4600FEC968 /* libxml2.dylib in Frameworks */ = {isa = PBXBuildFile; fileRef = 6043511F15790D4600FEC968 /* libxml2.dylib */; };
		6043512615790E5400FEC968 /* SSettings.m in Sources */ = {isa = PBXBuildFile; fileRef = 6043512515790E5400FEC968 /* SSettings.m */; };
		604351311579100000FEC968 /* Util.m in Sources */ = {isa = PBXBuildFile; fileRef = 604351301579100000FEC968 /* Util.m */; };
		604351341579104E00FEC968 /* SUtil.m in Sources */ = {isa = PBXBuildFile; fileRef = 604351331579104E00FEC968 /* SUtil.m */; };
		604351371579154900FEC968 /* D3DataManager.m in Sources */ = {isa = PBXBuildFile; fileRef = 604351361579154900FEC968 /* D3DataManager.m */; };
		6043513A1579171300FEC968 /* D3ServerStatusLoader.m in Sources */ = {isa = PBXBuildFile; fileRef = 604351391579171300FEC968 /* D3ServerStatusLoader.m */; };
		6043513D15791B3000FEC968 /* QuartzCore.framework in Frameworks */ = {isa = PBXBuildFile; fileRef = 6043513C15791B3000FEC968 /* QuartzCore.framework */; };
		6043513F15791BCB00FEC968 /* CoreLocation.framework in Frameworks */ = {isa = PBXBuildFile; fileRef = 6043513E15791BCA00FEC968 /* CoreLocation.framework */; };
		6043514215791C3500FEC968 /* D3Server.m in Sources */ = {isa = PBXBuildFile; fileRef = 6043514115791C3500FEC968 /* D3Server.m */; };
		60F72F7D1579C73B008EE97C /* D3ViewController.m in Sources */ = {isa = PBXBuildFile; fileRef = 60F72F7C1579C73B008EE97C /* D3ViewController.m */; };
		60F72F811579C75F008EE97C /* D3ServerStatusViewController.m in Sources */ = {isa = PBXBuildFile; fileRef = 60F72F801579C75F008EE97C /* D3ServerStatusViewController.m */; };
		60F72F841579C782008EE97C /* D3SettingsViewController.m in Sources */ = {isa = PBXBuildFile; fileRef = 60F72F831579C782008EE97C /* D3SettingsViewController.m */; };
		60F72F961579CD80008EE97C /* D3CustomBGCell.m in Sources */ = {isa = PBXBuildFile; fileRef = 60F72F951579CD80008EE97C /* D3CustomBGCell.m */; };
		60F72F991579CDEB008EE97C /* D3TableView.m in Sources */ = {isa = PBXBuildFile; fileRef = 60F72F981579CDEB008EE97C /* D3TableView.m */; };
/* End PBXBuildFile section */

/* Begin PBXFileReference section */
		601934831579FA0500257D1D /* D3ServerStatusCell.h */ = {isa = PBXFileReference; fileEncoding = 4; lastKnownFileType = sourcecode.c.h; path = D3ServerStatusCell.h; sourceTree = "<group>"; };
		601934841579FA0500257D1D /* D3ServerStatusCell.m */ = {isa = PBXFileReference; fileEncoding = 4; lastKnownFileType = sourcecode.c.objc; path = D3ServerStatusCell.m; sourceTree = "<group>"; };
		6019348A157A0A8400257D1D /* D3SettingsCell.h */ = {isa = PBXFileReference; fileEncoding = 4; lastKnownFileType = sourcecode.c.h; path = D3SettingsCell.h; sourceTree = "<group>"; };
		6019348B157A0A8400257D1D /* D3SettingsCell.m */ = {isa = PBXFileReference; fileEncoding = 4; lastKnownFileType = sourcecode.c.objc; path = D3SettingsCell.m; sourceTree = "<group>"; };
		60193491157A150B00257D1D /* D3SelectLanguageViewController.h */ = {isa = PBXFileReference; fileEncoding = 4; lastKnownFileType = sourcecode.c.h; path = D3SelectLanguageViewController.h; sourceTree = "<group>"; };
		60193492157A150B00257D1D /* D3SelectLanguageViewController.m */ = {isa = PBXFileReference; fileEncoding = 4; lastKnownFileType = sourcecode.c.objc; path = D3SelectLanguageViewController.m; sourceTree = "<group>"; };
		604350F415790BC600FEC968 /* D3Checker.app */ = {isa = PBXFileReference; explicitFileType = wrapper.application; includeInIndex = 0; path = D3Checker.app; sourceTree = BUILT_PRODUCTS_DIR; };
		604350F815790BC600FEC968 /* UIKit.framework */ = {isa = PBXFileReference; lastKnownFileType = wrapper.framework; name = UIKit.framework; path = System/Library/Frameworks/UIKit.framework; sourceTree = SDKROOT; };
		604350FA15790BC600FEC968 /* Foundation.framework */ = {isa = PBXFileReference; lastKnownFileType = wrapper.framework; name = Foundation.framework; path = System/Library/Frameworks/Foundation.framework; sourceTree = SDKROOT; };
		604350FC15790BC600FEC968 /* CoreGraphics.framework */ = {isa = PBXFileReference; lastKnownFileType = wrapper.framework; name = CoreGraphics.framework; path = System/Library/Frameworks/CoreGraphics.framework; sourceTree = SDKROOT; };
		6043510015790BC600FEC968 /* D3Checker-Info.plist */ = {isa = PBXFileReference; lastKnownFileType = text.plist.xml; path = "D3Checker-Info.plist"; sourceTree = "<group>"; };
		6043510215790BC600FEC968 /* en */ = {isa = PBXFileReference; lastKnownFileType = text.plist.strings; name = en; path = en.lproj/InfoPlist.strings; sourceTree = "<group>"; };
		6043510415790BC600FEC968 /* main.m */ = {isa = PBXFileReference; lastKnownFileType = sourcecode.c.objc; path = main.m; sourceTree = "<group>"; };
		6043510615790BC600FEC968 /* D3Checker-Prefix.pch */ = {isa = PBXFileReference; lastKnownFileType = sourcecode.c.h; path = "D3Checker-Prefix.pch"; sourceTree = "<group>"; };
		6043510715790BC600FEC968 /* AppDelegate.h */ = {isa = PBXFileReference; lastKnownFileType = sourcecode.c.h; name = AppDelegate.h; path = ../../AppDelegate.h; sourceTree = "<group>"; };
		6043510815790BC600FEC968 /* AppDelegate.m */ = {isa = PBXFileReference; lastKnownFileType = sourcecode.c.objc; name = AppDelegate.m; path = ../../AppDelegate.m; sourceTree = "<group>"; };
		6043511015790D0600FEC968 /* HTMLNode.h */ = {isa = PBXFileReference; fileEncoding = 4; lastKnownFileType = sourcecode.c.h; path = HTMLNode.h; sourceTree = "<group>"; };
		6043511115790D0600FEC968 /* HTMLNode.m */ = {isa = PBXFileReference; fileEncoding = 4; lastKnownFileType = sourcecode.c.objc; path = HTMLNode.m; sourceTree = "<group>"; };
		6043511215790D0600FEC968 /* HTMLParser.h */ = {isa = PBXFileReference; fileEncoding = 4; lastKnownFileType = sourcecode.c.h; path = HTMLParser.h; sourceTree = "<group>"; };
		6043511315790D0600FEC968 /* HTMLParser.m */ = {isa = PBXFileReference; fileEncoding = 4; lastKnownFileType = sourcecode.c.objc; path = HTMLParser.m; sourceTree = "<group>"; };
		6043511415790D0600FEC968 /* README.md */ = {isa = PBXFileReference; fileEncoding = 4; lastKnownFileType = text; path = README.md; sourceTree = "<group>"; };
		6043511F15790D4600FEC968 /* libxml2.dylib */ = {isa = PBXFileReference; lastKnownFileType = "compiled.mach-o.dylib"; name = libxml2.dylib; path = usr/lib/libxml2.dylib; sourceTree = SDKROOT; };
		6043512415790E5400FEC968 /* SSettings.h */ = {isa = PBXFileReference; fileEncoding = 4; lastKnownFileType = sourcecode.c.h; path = SSettings.h; sourceTree = "<group>"; };
		6043512515790E5400FEC968 /* SSettings.m */ = {isa = PBXFileReference; fileEncoding = 4; lastKnownFileType = sourcecode.c.objc; path = SSettings.m; sourceTree = "<group>"; };
		6043512F1579100000FEC968 /* Util.h */ = {isa = PBXFileReference; fileEncoding = 4; lastKnownFileType = sourcecode.c.h; path = Util.h; sourceTree = "<group>"; };
		604351301579100000FEC968 /* Util.m */ = {isa = PBXFileReference; fileEncoding = 4; lastKnownFileType = sourcecode.c.objc; path = Util.m; sourceTree = "<group>"; };
		604351321579104E00FEC968 /* SUtil.h */ = {isa = PBXFileReference; fileEncoding = 4; lastKnownFileType = sourcecode.c.h; path = SUtil.h; sourceTree = "<group>"; };
		604351331579104E00FEC968 /* SUtil.m */ = {isa = PBXFileReference; fileEncoding = 4; lastKnownFileType = sourcecode.c.objc; path = SUtil.m; sourceTree = "<group>"; };
		604351351579154900FEC968 /* D3DataManager.h */ = {isa = PBXFileReference; fileEncoding = 4; lastKnownFileType = sourcecode.c.h; path = D3DataManager.h; sourceTree = "<group>"; };
		604351361579154900FEC968 /* D3DataManager.m */ = {isa = PBXFileReference; fileEncoding = 4; lastKnownFileType = sourcecode.c.objc; path = D3DataManager.m; sourceTree = "<group>"; };
		604351381579171300FEC968 /* D3ServerStatusLoader.h */ = {isa = PBXFileReference; fileEncoding = 4; lastKnownFileType = sourcecode.c.h; path = D3ServerStatusLoader.h; sourceTree = "<group>"; };
		604351391579171300FEC968 /* D3ServerStatusLoader.m */ = {isa = PBXFileReference; fileEncoding = 4; lastKnownFileType = sourcecode.c.objc; path = D3ServerStatusLoader.m; sourceTree = "<group>"; };
		6043513C15791B3000FEC968 /* QuartzCore.framework */ = {isa = PBXFileReference; lastKnownFileType = wrapper.framework; name = QuartzCore.framework; path = System/Library/Frameworks/QuartzCore.framework; sourceTree = SDKROOT; };
		6043513E15791BCA00FEC968 /* CoreLocation.framework */ = {isa = PBXFileReference; lastKnownFileType = wrapper.framework; name = CoreLocation.framework; path = System/Library/Frameworks/CoreLocation.framework; sourceTree = SDKROOT; };
		6043514015791C3500FEC968 /* D3Server.h */ = {isa = PBXFileReference; fileEncoding = 4; lastKnownFileType = sourcecode.c.h; name = D3Server.h; path = ../../../../DiabloNetCheckerParserTest/DiabloNetCheckerParserTest/D3Server.h; sourceTree = "<group>"; };
		6043514115791C3500FEC968 /* D3Server.m */ = {isa = PBXFileReference; fileEncoding = 4; lastKnownFileType = sourcecode.c.objc; name = D3Server.m; path = ../../../../DiabloNetCheckerParserTest/DiabloNetCheckerParserTest/D3Server.m; sourceTree = "<group>"; };
		60F72F7B1579C73B008EE97C /* D3ViewController.h */ = {isa = PBXFileReference; fileEncoding = 4; lastKnownFileType = sourcecode.c.h; path = D3ViewController.h; sourceTree = "<group>"; };
		60F72F7C1579C73B008EE97C /* D3ViewController.m */ = {isa = PBXFileReference; fileEncoding = 4; lastKnownFileType = sourcecode.c.objc; path = D3ViewController.m; sourceTree = "<group>"; };
		60F72F7F1579C75F008EE97C /* D3ServerStatusViewController.h */ = {isa = PBXFileReference; fileEncoding = 4; lastKnownFileType = sourcecode.c.h; path = D3ServerStatusViewController.h; sourceTree = "<group>"; };
		60F72F801579C75F008EE97C /* D3ServerStatusViewController.m */ = {isa = PBXFileReference; fileEncoding = 4; lastKnownFileType = sourcecode.c.objc; path = D3ServerStatusViewController.m; sourceTree = "<group>"; };
		60F72F821579C782008EE97C /* D3SettingsViewController.h */ = {isa = PBXFileReference; fileEncoding = 4; lastKnownFileType = sourcecode.c.h; path = D3SettingsViewController.h; sourceTree = "<group>"; };
		60F72F831579C782008EE97C /* D3SettingsViewController.m */ = {isa = PBXFileReference; fileEncoding = 4; lastKnownFileType = sourcecode.c.objc; path = D3SettingsViewController.m; sourceTree = "<group>"; };
		60F72F941579CD80008EE97C /* D3CustomBGCell.h */ = {isa = PBXFileReference; fileEncoding = 4; lastKnownFileType = sourcecode.c.h; path = D3CustomBGCell.h; sourceTree = "<group>"; };
		60F72F951579CD80008EE97C /* D3CustomBGCell.m */ = {isa = PBXFileReference; fileEncoding = 4; lastKnownFileType = sourcecode.c.objc; path = D3CustomBGCell.m; sourceTree = "<group>"; };
		60F72F971579CDEB008EE97C /* D3TableView.h */ = {isa = PBXFileReference; fileEncoding = 4; lastKnownFileType = sourcecode.c.h; path = D3TableView.h; sourceTree = "<group>"; };
		60F72F981579CDEB008EE97C /* D3TableView.m */ = {isa = PBXFileReference; fileEncoding = 4; lastKnownFileType = sourcecode.c.objc; path = D3TableView.m; sourceTree = "<group>"; };
/* End PBXFileReference section */

/* Begin PBXFrameworksBuildPhase section */
		604350F115790BC600FEC968 /* Frameworks */ = {
			isa = PBXFrameworksBuildPhase;
			buildActionMask = 2147483647;
			files = (
				6043513F15791BCB00FEC968 /* CoreLocation.framework in Frameworks */,
				6043513D15791B3000FEC968 /* QuartzCore.framework in Frameworks */,
				6043512015790D4600FEC968 /* libxml2.dylib in Frameworks */,
				604350F915790BC600FEC968 /* UIKit.framework in Frameworks */,
				604350FB15790BC600FEC968 /* Foundation.framework in Frameworks */,
				604350FD15790BC600FEC968 /* CoreGraphics.framework in Frameworks */,
			);
			runOnlyForDeploymentPostprocessing = 0;
		};
/* End PBXFrameworksBuildPhase section */

/* Begin PBXGroup section */
		604350E915790BC600FEC968 = {
			isa = PBXGroup;
			children = (
				604350FE15790BC600FEC968 /* D3Checker */,
				604350F715790BC600FEC968 /* Frameworks */,
				604350F515790BC600FEC968 /* Products */,
			);
			sourceTree = "<group>";
		};
		604350F515790BC600FEC968 /* Products */ = {
			isa = PBXGroup;
			children = (
				604350F415790BC600FEC968 /* D3Checker.app */,
			);
			name = Products;
			sourceTree = "<group>";
		};
		604350F715790BC600FEC968 /* Frameworks */ = {
			isa = PBXGroup;
			children = (
				6043510F15790D0600FEC968 /* HTMLParser */,
				6043513E15791BCA00FEC968 /* CoreLocation.framework */,
				6043513C15791B3000FEC968 /* QuartzCore.framework */,
				604350F815790BC600FEC968 /* UIKit.framework */,
				604350FA15790BC600FEC968 /* Foundation.framework */,
				604350FC15790BC600FEC968 /* CoreGraphics.framework */,
			);
			name = Frameworks;
			sourceTree = "<group>";
		};
		604350FE15790BC600FEC968 /* D3Checker */ = {
			isa = PBXGroup;
			children = (
				6043511815790D1D00FEC968 /* Classes */,
				6043511D15790D1D00FEC968 /* Resource */,
				604350FF15790BC600FEC968 /* Supporting Files */,
			);
			path = D3Checker;
			sourceTree = "<group>";
		};
		604350FF15790BC600FEC968 /* Supporting Files */ = {
			isa = PBXGroup;
			children = (
				6043510015790BC600FEC968 /* D3Checker-Info.plist */,
				6043510115790BC600FEC968 /* InfoPlist.strings */,
				6043510415790BC600FEC968 /* main.m */,
				6043510615790BC600FEC968 /* D3Checker-Prefix.pch */,
			);
			name = "Supporting Files";
			sourceTree = "<group>";
		};
		6043510F15790D0600FEC968 /* HTMLParser */ = {
			isa = PBXGroup;
			children = (
				6043511F15790D4600FEC968 /* libxml2.dylib */,
				6043511015790D0600FEC968 /* HTMLNode.h */,
				6043511115790D0600FEC968 /* HTMLNode.m */,
				6043511215790D0600FEC968 /* HTMLParser.h */,
				6043511315790D0600FEC968 /* HTMLParser.m */,
				6043511415790D0600FEC968 /* README.md */,
			);
			name = HTMLParser;
			path = D3Checker/Framework/HTMLParser;
			sourceTree = "<group>";
		};
		6043511815790D1D00FEC968 /* Classes */ = {
			isa = PBXGroup;
			children = (
				6043511915790D1D00FEC968 /* Common */,
				6043511A15790D1D00FEC968 /* Controller */,
				6043511B15790D1D00FEC968 /* Model */,
				6043511C15790D1D00FEC968 /* View */,
				6043512315790DCE00FEC968 /* Network */,
			);
			path = Classes;
			sourceTree = "<group>";
		};
		6043511915790D1D00FEC968 /* Common */ = {
			isa = PBXGroup;
			children = (
				6043512F1579100000FEC968 /* Util.h */,
				604351301579100000FEC968 /* Util.m */,
				604351321579104E00FEC968 /* SUtil.h */,
				604351331579104E00FEC968 /* SUtil.m */,
			);
			path = Common;
			sourceTree = "<group>";
		};
		6043511A15790D1D00FEC968 /* Controller */ = {
			isa = PBXGroup;
			children = (
				60F72F871579C797008EE97C /* ServerStatus */,
				60F72F861579C790008EE97C /* Settings */,
				60F72F851579C78B008EE97C /* Base */,
			);
			path = Controller;
			sourceTree = "<group>";
		};
		6043511B15790D1D00FEC968 /* Model */ = {
			isa = PBXGroup;
			children = (
				6043514015791C3500FEC968 /* D3Server.h */,
				6043514115791C3500FEC968 /* D3Server.m */,
				6043512415790E5400FEC968 /* SSettings.h */,
				6043512515790E5400FEC968 /* SSettings.m */,
				604351351579154900FEC968 /* D3DataManager.h */,
				604351361579154900FEC968 /* D3DataManager.m */,
			);
			path = Model;
			sourceTree = "<group>";
		};
		6043511C15790D1D00FEC968 /* View */ = {
			isa = PBXGroup;
			children = (
				60F72F941579CD80008EE97C /* D3CustomBGCell.h */,
				60F72F951579CD80008EE97C /* D3CustomBGCell.m */,
				60F72F971579CDEB008EE97C /* D3TableView.h */,
				60F72F981579CDEB008EE97C /* D3TableView.m */,
				601934831579FA0500257D1D /* D3ServerStatusCell.h */,
				601934841579FA0500257D1D /* D3ServerStatusCell.m */,
				6019348A157A0A8400257D1D /* D3SettingsCell.h */,
				6019348B157A0A8400257D1D /* D3SettingsCell.m */,
			);
			path = View;
			sourceTree = "<group>";
		};
		6043511D15790D1D00FEC968 /* Resource */ = {
			isa = PBXGroup;
			children = (
				6043511E15790D1D00FEC968 /* Image */,
			);
			path = Resource;
			sourceTree = "<group>";
		};
		6043511E15790D1D00FEC968 /* Image */ = {
			isa = PBXGroup;
			children = (
			);
			path = Image;
			sourceTree = "<group>";
		};
		6043512315790DCE00FEC968 /* Network */ = {
			isa = PBXGroup;
			children = (
				604351381579171300FEC968 /* D3ServerStatusLoader.h */,
				604351391579171300FEC968 /* D3ServerStatusLoader.m */,
			);
			path = Network;
			sourceTree = "<group>";
		};
		60F72F851579C78B008EE97C /* Base */ = {
			isa = PBXGroup;
			children = (
				6043510715790BC600FEC968 /* AppDelegate.h */,
				6043510815790BC600FEC968 /* AppDelegate.m */,
				60F72F7B1579C73B008EE97C /* D3ViewController.h */,
				60F72F7C1579C73B008EE97C /* D3ViewController.m */,
			);
			name = Base;
			sourceTree = "<group>";
		};
		60F72F861579C790008EE97C /* Settings */ = {
			isa = PBXGroup;
			children = (
				60F72F821579C782008EE97C /* D3SettingsViewController.h */,
				60F72F831579C782008EE97C /* D3SettingsViewController.m */,
				60193491157A150B00257D1D /* D3SelectLanguageViewController.h */,
				60193492157A150B00257D1D /* D3SelectLanguageViewController.m */,
			);
			name = Settings;
			sourceTree = "<group>";
		};
		60F72F871579C797008EE97C /* ServerStatus */ = {
			isa = PBXGroup;
			children = (
				60F72F7F1579C75F008EE97C /* D3ServerStatusViewController.h */,
				60F72F801579C75F008EE97C /* D3ServerStatusViewController.m */,
			);
			name = ServerStatus;
			sourceTree = "<group>";
		};
/* End PBXGroup section */

/* Begin PBXNativeTarget section */
		604350F315790BC600FEC968 /* D3Checker */ = {
			isa = PBXNativeTarget;
			buildConfigurationList = 6043510C15790BC600FEC968 /* Build configuration list for PBXNativeTarget "D3Checker" */;
			buildPhases = (
				604350F015790BC600FEC968 /* Sources */,
				604350F115790BC600FEC968 /* Frameworks */,
				604350F215790BC600FEC968 /* Resources */,
			);
			buildRules = (
			);
			dependencies = (
			);
			name = D3Checker;
			productName = D3Checker;
			productReference = 604350F415790BC600FEC968 /* D3Checker.app */;
			productType = "com.apple.product-type.application";
		};
/* End PBXNativeTarget section */

/* Begin PBXProject section */
		604350EB15790BC600FEC968 /* Project object */ = {
			isa = PBXProject;
			attributes = {
				LastUpgradeCheck = 0430;
				ORGANIZATIONNAME = "shawnt22@gmail.com ";
			};
			buildConfigurationList = 604350EE15790BC600FEC968 /* Build configuration list for PBXProject "D3Checker" */;
			compatibilityVersion = "Xcode 3.2";
			developmentRegion = English;
			hasScannedForEncodings = 0;
			knownRegions = (
				en,
			);
			mainGroup = 604350E915790BC600FEC968;
			productRefGroup = 604350F515790BC600FEC968 /* Products */;
			projectDirPath = "";
			projectRoot = "";
			targets = (
				604350F315790BC600FEC968 /* D3Checker */,
			);
		};
/* End PBXProject section */

/* Begin PBXResourcesBuildPhase section */
		604350F215790BC600FEC968 /* Resources */ = {
			isa = PBXResourcesBuildPhase;
			buildActionMask = 2147483647;
			files = (
				6043510315790BC600FEC968 /* InfoPlist.strings in Resources */,
				6043511715790D0600FEC968 /* README.md in Resources */,
			);
			runOnlyForDeploymentPostprocessing = 0;
		};
/* End PBXResourcesBuildPhase section */

/* Begin PBXSourcesBuildPhase section */
		604350F015790BC600FEC968 /* Sources */ = {
			isa = PBXSourcesBuildPhase;
			buildActionMask = 2147483647;
			files = (
				6043510515790BC600FEC968 /* main.m in Sources */,
				6043510915790BC600FEC968 /* AppDelegate.m in Sources */,
				6043511515790D0600FEC968 /* HTMLNode.m in Sources */,
				6043511615790D0600FEC968 /* HTMLParser.m in Sources */,
				6043512615790E5400FEC968 /* SSettings.m in Sources */,
				604351311579100000FEC968 /* Util.m in Sources */,
				604351341579104E00FEC968 /* SUtil.m in Sources */,
				604351371579154900FEC968 /* D3DataManager.m in Sources */,
				6043513A1579171300FEC968 /* D3ServerStatusLoader.m in Sources */,
				6043514215791C3500FEC968 /* D3Server.m in Sources */,
				60F72F7D1579C73B008EE97C /* D3ViewController.m in Sources */,
				60F72F811579C75F008EE97C /* D3ServerStatusViewController.m in Sources */,
				60F72F841579C782008EE97C /* D3SettingsViewController.m in Sources */,
				60F72F961579CD80008EE97C /* D3CustomBGCell.m in Sources */,
				60F72F991579CDEB008EE97C /* D3TableView.m in Sources */,
				601934851579FA0500257D1D /* D3ServerStatusCell.m in Sources */,
				6019348C157A0A8400257D1D /* D3SettingsCell.m in Sources */,
				60193493157A150B00257D1D /* D3SelectLanguageViewController.m in Sources */,
			);
			runOnlyForDeploymentPostprocessing = 0;
		};
/* End PBXSourcesBuildPhase section */

/* Begin PBXVariantGroup section */
		6043510115790BC600FEC968 /* InfoPlist.strings */ = {
			isa = PBXVariantGroup;
			children = (
				6043510215790BC600FEC968 /* en */,
			);
			name = InfoPlist.strings;
			sourceTree = "<group>";
		};
/* End PBXVariantGroup section */

/* Begin XCBuildConfiguration section */
		6043510A15790BC600FEC968 /* Debug */ = {
			isa = XCBuildConfiguration;
			buildSettings = {
				ALWAYS_SEARCH_USER_PATHS = NO;
				ARCHS = "$(ARCHS_STANDARD_32_BIT)";
				CODE_SIGN_IDENTITY = "iPhone Developer";
				"CODE_SIGN_IDENTITY[sdk=iphoneos*]" = "iPhone Developer";
				COPY_PHASE_STRIP = NO;
				GCC_C_LANGUAGE_STANDARD = gnu99;
				GCC_DYNAMIC_NO_PIC = NO;
				GCC_OPTIMIZATION_LEVEL = 0;
				GCC_PREPROCESSOR_DEFINITIONS = (
					"DEBUG=1",
					"$(inherited)",
				);
				GCC_SYMBOLS_PRIVATE_EXTERN = NO;
				GCC_VERSION = com.apple.compilers.llvm.clang.1_0;
				GCC_WARN_ABOUT_RETURN_TYPE = YES;
				GCC_WARN_UNINITIALIZED_AUTOS = YES;
				GCC_WARN_UNUSED_VARIABLE = YES;
				HEADER_SEARCH_PATHS = /usr/include/libxml2;
				IPHONEOS_DEPLOYMENT_TARGET = 4.0;
				PROVISIONING_PROFILE = "";
				SDKROOT = iphoneos;
			};
			name = Debug;
		};
		6043510B15790BC600FEC968 /* Release */ = {
			isa = XCBuildConfiguration;
			buildSettings = {
				ALWAYS_SEARCH_USER_PATHS = NO;
				ARCHS = "$(ARCHS_STANDARD_32_BIT)";
				CODE_SIGN_IDENTITY = "iPhone Distribution";
				"CODE_SIGN_IDENTITY[sdk=iphoneos*]" = "iPhone Distribution";
				COPY_PHASE_STRIP = YES;
				GCC_C_LANGUAGE_STANDARD = gnu99;
				GCC_VERSION = com.apple.compilers.llvm.clang.1_0;
				GCC_WARN_ABOUT_RETURN_TYPE = YES;
				GCC_WARN_UNINITIALIZED_AUTOS = YES;
				GCC_WARN_UNUSED_VARIABLE = YES;
				HEADER_SEARCH_PATHS = /usr/include/libxml2;
				IPHONEOS_DEPLOYMENT_TARGET = 4.0;
				OTHER_CFLAGS = "-DNS_BLOCK_ASSERTIONS=1";
				PROVISIONING_PROFILE = "";
				"PROVISIONING_PROFILE[sdk=iphoneos*]" = "";
				SDKROOT = iphoneos;
				VALIDATE_PRODUCT = YES;
			};
			name = Release;
		};
		6043510D15790BC600FEC968 /* Debug */ = {
			isa = XCBuildConfiguration;
			buildSettings = {
				GCC_PRECOMPILE_PREFIX_HEADER = YES;
				GCC_PREFIX_HEADER = "D3Checker/D3Checker-Prefix.pch";
				INFOPLIST_FILE = "D3Checker/D3Checker-Info.plist";
				PRODUCT_NAME = "$(TARGET_NAME)";
				WRAPPER_EXTENSION = app;
			};
			name = Debug;
		};
		6043510E15790BC600FEC968 /* Release */ = {
			isa = XCBuildConfiguration;
			buildSettings = {
				GCC_PRECOMPILE_PREFIX_HEADER = YES;
				GCC_PREFIX_HEADER = "D3Checker/D3Checker-Prefix.pch";
				INFOPLIST_FILE = "D3Checker/D3Checker-Info.plist";
				PRODUCT_NAME = "$(TARGET_NAME)";
				WRAPPER_EXTENSION = app;
			};
			name = Release;
		};
		6043512115790D9200FEC968 /* Adhoc */ = {
			isa = XCBuildConfiguration;
			buildSettings = {
				ALWAYS_SEARCH_USER_PATHS = NO;
				ARCHS = "$(ARCHS_STANDARD_32_BIT)";
				CODE_SIGN_IDENTITY = "iPhone Distribution: SONGSONG TENG";
				"CODE_SIGN_IDENTITY[sdk=iphoneos*]" = "iPhone Distribution: SONGSONG TENG";
				COPY_PHASE_STRIP = YES;
				GCC_C_LANGUAGE_STANDARD = gnu99;
				GCC_VERSION = com.apple.compilers.llvm.clang.1_0;
				GCC_WARN_ABOUT_RETURN_TYPE = YES;
				GCC_WARN_UNINITIALIZED_AUTOS = YES;
				GCC_WARN_UNUSED_VARIABLE = YES;
				HEADER_SEARCH_PATHS = /usr/include/libxml2;
				IPHONEOS_DEPLOYMENT_TARGET = 4.0;
				OTHER_CFLAGS = "-DNS_BLOCK_ASSERTIONS=1";
				PROVISIONING_PROFILE = "135B2880-0A42-4F4D-87D4-FC5B5C1DA5FC";
				"PROVISIONING_PROFILE[sdk=iphoneos*]" = "135B2880-0A42-4F4D-87D4-FC5B5C1DA5FC";
				SDKROOT = iphoneos;
				VALIDATE_PRODUCT = YES;
			};
			name = Adhoc;
		};
		6043512215790D9200FEC968 /* Adhoc */ = {
			isa = XCBuildConfiguration;
			buildSettings = {
				GCC_PRECOMPILE_PREFIX_HEADER = YES;
				GCC_PREFIX_HEADER = "D3Checker/D3Checker-Prefix.pch";
				INFOPLIST_FILE = "D3Checker/D3Checker-Info.plist";
				PRODUCT_NAME = "$(TARGET_NAME)";
				WRAPPER_EXTENSION = app;
			};
			name = Adhoc;
		};
/* End XCBuildConfiguration section */

/* Begin XCConfigurationList section */
		604350EE15790BC600FEC968 /* Build configuration list for PBXProject "D3Checker" */ = {
			isa = XCConfigurationList;
			buildConfigurations = (
				6043510A15790BC600FEC968 /* Debug */,
				6043510B15790BC600FEC968 /* Release */,
				6043512115790D9200FEC968 /* Adhoc */,
			);
			defaultConfigurationIsVisible = 0;
			defaultConfigurationName = Release;
		};
		6043510C15790BC600FEC968 /* Build configuration list for PBXNativeTarget "D3Checker" */ = {
			isa = XCConfigurationList;
			buildConfigurations = (
				6043510D15790BC600FEC968 /* Debug */,
				6043510E15790BC600FEC968 /* Release */,
				6043512215790D9200FEC968 /* Adhoc */,
			);
			defaultConfigurationIsVisible = 0;
			defaultConfigurationName = Release;
		};
/* End XCConfigurationList section */
	};
	rootObject = 604350EB15790BC600FEC968 /* Project object */;
}
