// !$*UTF8*$!
{
	archiveVersion = 1;
	classes = {
	};
	objectVersion = 46;
	objects = {

/* Begin PBXBuildFile section */
		601934851579FA0500257D1D /* D3ServerStatusCell.m in Sources */ = {isa = PBXBuildFile; fileRef = 601934841579FA0500257D1D /* D3ServerStatusCell.m */; };
		6019348C157A0A8400257D1D /* D3SettingsCell.m in Sources */ = {isa = PBXBuildFile; fileRef = 6019348B157A0A8400257D1D /* D3SettingsCell.m */; };
		60193493157A150B00257D1D /* D3SelectLanguageViewController.m in Sources */ = {isa = PBXBuildFile; fileRef = 60193492157A150B00257D1D /* D3SelectLanguageViewController.m */; };
		6025FC1B157E5E5100A07B48 /* icon@2x.png in Resources */ = {isa = PBXBuildFile; fileRef = 6025FC1A157E5E5100A07B48 /* icon@2x.png */; };
		6041C357158310BD0091FCD1 /* bg_settings.png in Resources */ = {isa = PBXBuildFile; fileRef = 6041C355158310BD0091FCD1 /* bg_settings.png */; };
		6041C358158310BD0091FCD1 /* bg_status.png in Resources */ = {isa = PBXBuildFile; fileRef = 6041C356158310BD0091FCD1 /* bg_status.png */; };
		604350F915790BC600FEC968 /* UIKit.framework in Frameworks */ = {isa = PBXBuildFile; fileRef = 604350F815790BC600FEC968 /* UIKit.framework */; };
		604350FB15790BC600FEC968 /* Foundation.framework in Frameworks */ = {isa = PBXBuildFile; fileRef = 604350FA15790BC600FEC968 /* Foundation.framework */; };
		604350FD15790BC600FEC968 /* CoreGraphics.framework in Frameworks */ = {isa = PBXBuildFile; fileRef = 604350FC15790BC600FEC968 /* CoreGraphics.framework */; };
		6043510315790BC600FEC968 /* InfoPlist.strings in Resources */ = {isa = PBXBuildFile; fileRef = 6043510115790BC600FEC968 /* InfoPlist.strings */; };
		6043510515790BC600FEC968 /* main.m in Sources */ = {isa = PBXBuildFile; fileRef = 6043510415790BC600FEC968 /* main.m */; };
		6043510915790BC600FEC968 /* AppDelegate.m in Sources */ = {isa = PBXBuildFile; fileRef = 6043510815790BC600FEC968 /* AppDelegate.m */; };
		6043511515790D0600FEC968 /* HTMLNode.m in Sources */ = {isa = PBXBuildFile; fileRef = 6043511115790D0600FEC968 /* HTMLNode.m */; };
		6043511615790D0600FEC968 /* HTMLParser.m in Sources */ = {isa = PBXBuildFile; fileRef = 6043511315790D0600FEC968 /* HTMLParser.m */; };
		6043511715790D0600FEC968 /* README.md in Resources */ = {isa = PBXBuildFile; fileRef = 6043511415790D0600FEC968 /* README.md */; };
		6043512015790D4600FEC968 /* libxml2.dylib in Frameworks */ = {isa = PBXBuildFile; fileRef = 6043511F15790D4600FEC968 /* libxml2.dylib */; };
		6043512615790E5400FEC968 /* SSettings.m in Sources */ = {isa = PBXBuildFile; fileRef = 6043512515790E5400FEC968 /* SSettings.m */; };
		604351311579100000FEC968 /* Util.m in Sources */ = {isa = PBXBuildFile; fileRef = 604351301579100000FEC968 /* Util.m */; };
		604351341579104E00FEC968 /* SUtil.m in Sources */ = {isa = PBXBuildFile; fileRef = 604351331579104E00FEC968 /* SUtil.m */; };
		604351371579154900FEC968 /* D3DataManager.m in Sources */ = {isa = PBXBuildFile; fileRef = 604351361579154900FEC968 /* D3DataManager.m */; };
		6043513A1579171300FEC968 /* D3ServerStatusLoader.m in Sources */ = {isa = PBXBuildFile; fileRef = 604351391579171300FEC968 /* D3ServerStatusLoader.m */; };
		6043513D15791B3000FEC968 /* QuartzCore.framework in Frameworks */ = {isa = PBXBuildFile; fileRef = 6043513C15791B3000FEC968 /* QuartzCore.framework */; };
		6043513F15791BCB00FEC968 /* CoreLocation.framework in Frameworks */ = {isa = PBXBuildFile; fileRef = 6043513E15791BCA00FEC968 /* CoreLocation.framework */; };
		604427E51582F53100A5C59F /* icon.png in Resources */ = {isa = PBXBuildFile; fileRef = 604427E41582F53100A5C59F /* icon.png */; };
		605C4A291582F79700D1FF17 /* bg_status@2x.png in Resources */ = {isa = PBXBuildFile; fileRef = 605C4A281582F79700D1FF17 /* bg_status@2x.png */; };
		6073ECF7157B98CC005C820D /* bg_language.png in Resources */ = {isa = PBXBuildFile; fileRef = 6073ECF2157B98CC005C820D /* bg_language.png */; };
		6073ECF8157B98CC005C820D /* bg_mail.png in Resources */ = {isa = PBXBuildFile; fileRef = 6073ECF3157B98CC005C820D /* bg_mail.png */; };
		6073ECF9157B98CC005C820D /* bg_settings@2x.png in Resources */ = {isa = PBXBuildFile; fileRef = 6073ECF4157B98CC005C820D /* bg_settings@2x.png */; };
		6081B6F6157B20490003CDBD /* SStatusControl.m in Sources */ = {isa = PBXBuildFile; fileRef = 6081B6F5157B20490003CDBD /* SStatusControl.m */; };
		60CAA1A9157BBC7200A324BA /* MBProgressHUD.m in Sources */ = {isa = PBXBuildFile; fileRef = 60CAA1A8157BBC7100A324BA /* MBProgressHUD.m */; };
		60DE680F157FAAFC0029FC88 /* D3Server.m in Sources */ = {isa = PBXBuildFile; fileRef = 60DE680E157FAAFC0029FC88 /* D3Server.m */; };
		60F72F7D1579C73B008EE97C /* D3ViewController.m in Sources */ = {isa = PBXBuildFile; fileRef = 60F72F7C1579C73B008EE97C /* D3ViewController.m */; };
		60F72F811579C75F008EE97C /* D3ServerStatusViewController.m in Sources */ = {isa = PBXBuildFile; fileRef = 60F72F801579C75F008EE97C /* D3ServerStatusViewController.m */; };
		60F72F841579C782008EE97C /* D3SettingsViewController.m in Sources */ = {isa = PBXBuildFile; fileRef = 60F72F831579C782008EE97C /* D3SettingsViewController.m */; };
		60F72F961579CD80008EE97C /* D3CustomBGCell.m in Sources */ = {isa = PBXBuildFile; fileRef = 60F72F951579CD80008EE97C /* D3CustomBGCell.m */; };
		60F72F991579CDEB008EE97C /* D3TableView.m in Sources */ = {isa = PBXBuildFile; fileRef = 60F72F981579CDEB008EE97C /* D3TableView.m */; };
		60F961F7157C890F00C96AEB /* SystemConfiguration.framework in Frameworks */ = {isa = PBXBuildFile; fileRef = 60F961F6157C890F00C96AEB /* SystemConfiguration.framework */; };
		9C004A1B158047F500DBC993 /* bg_status_314x360.png in Resources */ = {isa = PBXBuildFile; fileRef = 9C004A19158047F500DBC993 /* bg_status_314x360.png */; };
		9C004A1C158047F500DBC993 /* bg_status_flag.gif in Resources */ = {isa = PBXBuildFile; fileRef = 9C004A1A158047F500DBC993 /* bg_status_flag.gif */; };
		9C004A5215806C1900DBC993 /* Default.png in Resources */ = {isa = PBXBuildFile; fileRef = 9C004A5115806C1900DBC993 /* Default.png */; };
		9C6313BE1592BBA4009820B9 /* ASIAuthenticationDialog.m in Sources */ = {isa = PBXBuildFile; fileRef = 9C6313841592BBA4009820B9 /* ASIAuthenticationDialog.m */; };
		9C6313BF1592BBA4009820B9 /* ASIDataCompressor.m in Sources */ = {isa = PBXBuildFile; fileRef = 9C6313871592BBA4009820B9 /* ASIDataCompressor.m */; };
		9C6313C01592BBA4009820B9 /* ASIDataDecompressor.m in Sources */ = {isa = PBXBuildFile; fileRef = 9C6313891592BBA4009820B9 /* ASIDataDecompressor.m */; };
		9C6313C11592BBA4009820B9 /* ASIDownloadCache.m in Sources */ = {isa = PBXBuildFile; fileRef = 9C63138B1592BBA4009820B9 /* ASIDownloadCache.m */; };
		9C6313C21592BBA4009820B9 /* ASIFormDataRequest.m in Sources */ = {isa = PBXBuildFile; fileRef = 9C63138D1592BBA4009820B9 /* ASIFormDataRequest.m */; };
		9C6313C31592BBA4009820B9 /* ASIHTTPRequest.m in Sources */ = {isa = PBXBuildFile; fileRef = 9C63138F1592BBA4009820B9 /* ASIHTTPRequest.m */; };
		9C6313C41592BBA4009820B9 /* ASIInputStream.m in Sources */ = {isa = PBXBuildFile; fileRef = 9C6313931592BBA4009820B9 /* ASIInputStream.m */; };
		9C6313C51592BBA4009820B9 /* ASINetworkQueue.m in Sources */ = {isa = PBXBuildFile; fileRef = 9C6313951592BBA4009820B9 /* ASINetworkQueue.m */; };
		9C6313C61592BBA4009820B9 /* ASIWebPageRequest.m in Sources */ = {isa = PBXBuildFile; fileRef = 9C6313991592BBA4009820B9 /* ASIWebPageRequest.m */; };
		9C6313C71592BBA4009820B9 /* ASICloudFilesCDNRequest.m in Sources */ = {isa = PBXBuildFile; fileRef = 9C63139C1592BBA4009820B9 /* ASICloudFilesCDNRequest.m */; };
		9C6313C81592BBA4009820B9 /* ASICloudFilesContainer.m in Sources */ = {isa = PBXBuildFile; fileRef = 9C63139E1592BBA4009820B9 /* ASICloudFilesContainer.m */; };
		9C6313C91592BBA4009820B9 /* ASICloudFilesContainerRequest.m in Sources */ = {isa = PBXBuildFile; fileRef = 9C6313A01592BBA4009820B9 /* ASICloudFilesContainerRequest.m */; };
		9C6313CA1592BBA4009820B9 /* ASICloudFilesContainerXMLParserDelegate.m in Sources */ = {isa = PBXBuildFile; fileRef = 9C6313A21592BBA4009820B9 /* ASICloudFilesContainerXMLParserDelegate.m */; };
		9C6313CB1592BBA4009820B9 /* ASICloudFilesObject.m in Sources */ = {isa = PBXBuildFile; fileRef = 9C6313A41592BBA4009820B9 /* ASICloudFilesObject.m */; };
		9C6313CC1592BBA4009820B9 /* ASICloudFilesObjectRequest.m in Sources */ = {isa = PBXBuildFile; fileRef = 9C6313A61592BBA4009820B9 /* ASICloudFilesObjectRequest.m */; };
		9C6313CD1592BBA4009820B9 /* ASICloudFilesRequest.m in Sources */ = {isa = PBXBuildFile; fileRef = 9C6313A81592BBA4009820B9 /* ASICloudFilesRequest.m */; };
		9C6313CE1592BBA4009820B9 /* ASIS3Bucket.m in Sources */ = {isa = PBXBuildFile; fileRef = 9C6313AC1592BBA4009820B9 /* ASIS3Bucket.m */; };
		9C6313CF1592BBA4009820B9 /* ASIS3BucketObject.m in Sources */ = {isa = PBXBuildFile; fileRef = 9C6313AE1592BBA4009820B9 /* ASIS3BucketObject.m */; };
		9C6313D01592BBA4009820B9 /* ASIS3BucketRequest.m in Sources */ = {isa = PBXBuildFile; fileRef = 9C6313B01592BBA4009820B9 /* ASIS3BucketRequest.m */; };
		9C6313D11592BBA4009820B9 /* ASIS3ObjectRequest.m in Sources */ = {isa = PBXBuildFile; fileRef = 9C6313B21592BBA4009820B9 /* ASIS3ObjectRequest.m */; };
		9C6313D21592BBA4009820B9 /* ASIS3Request.m in Sources */ = {isa = PBXBuildFile; fileRef = 9C6313B41592BBA4009820B9 /* ASIS3Request.m */; };
		9C6313D31592BBA4009820B9 /* ASIS3ServiceRequest.m in Sources */ = {isa = PBXBuildFile; fileRef = 9C6313B61592BBA4009820B9 /* ASIS3ServiceRequest.m */; };
		9C6313D41592BBA4009820B9 /* README-GHUnit in Resources */ = {isa = PBXBuildFile; fileRef = 9C6313B91592BBA4009820B9 /* README-GHUnit */; };
		9C6313D51592BBA4009820B9 /* Reachability.m in Sources */ = {isa = PBXBuildFile; fileRef = 9C6313BC1592BBA4009820B9 /* Reachability.m */; };
		9C6313D61592BBA4009820B9 /* README.textile in Resources */ = {isa = PBXBuildFile; fileRef = 9C6313BD1592BBA4009820B9 /* README.textile */; };
		9C6313D81592BC05009820B9 /* CFNetwork.framework in Frameworks */ = {isa = PBXBuildFile; fileRef = 9C6313D71592BC05009820B9 /* CFNetwork.framework */; };
		9C6313DA1592BC0F009820B9 /* MobileCoreServices.framework in Frameworks */ = {isa = PBXBuildFile; fileRef = 9C6313D91592BC0F009820B9 /* MobileCoreServices.framework */; };
		9C6313E01592BC52009820B9 /* libz.1.2.5.dylib in Frameworks */ = {isa = PBXBuildFile; fileRef = 9C6313DF1592BC52009820B9 /* libz.1.2.5.dylib */; };
		9C6313E51592BEDF009820B9 /* SURLRequest.m in Sources */ = {isa = PBXBuildFile; fileRef = 9C6313E41592BEDF009820B9 /* SURLRequest.m */; };
		9C6313E81592BEEC009820B9 /* SDataLoader.m in Sources */ = {isa = PBXBuildFile; fileRef = 9C6313E71592BEEC009820B9 /* SDataLoader.m */; };
		9C6313F01592BF48009820B9 /* SURLDefine.m in Sources */ = {isa = PBXBuildFile; fileRef = 9C6313EF1592BF48009820B9 /* SURLDefine.m */; };
		9C6313FE1592C341009820B9 /* CHANGELOG.md in Resources */ = {isa = PBXBuildFile; fileRef = 9C6313FA1592C341009820B9 /* CHANGELOG.md */; };
		9C6313FF1592C341009820B9 /* JSONKit.m in Sources */ = {isa = PBXBuildFile; fileRef = 9C6313FC1592C341009820B9 /* JSONKit.m */; };
		9C6314001592C341009820B9 /* README.md in Resources */ = {isa = PBXBuildFile; fileRef = 9C6313FD1592C341009820B9 /* README.md */; };
/* End PBXBuildFile section */

/* Begin PBXFileReference section */
		601934831579FA0500257D1D /* D3ServerStatusCell.h */ = {isa = PBXFileReference; fileEncoding = 4; lastKnownFileType = sourcecode.c.h; path = D3ServerStatusCell.h; sourceTree = "<group>"; };
		601934841579FA0500257D1D /* D3ServerStatusCell.m */ = {isa = PBXFileReference; fileEncoding = 4; lastKnownFileType = sourcecode.c.objc; path = D3ServerStatusCell.m; sourceTree = "<group>"; };
		6019348A157A0A8400257D1D /* D3SettingsCell.h */ = {isa = PBXFileReference; fileEncoding = 4; lastKnownFileType = sourcecode.c.h; path = D3SettingsCell.h; sourceTree = "<group>"; };
		6019348B157A0A8400257D1D /* D3SettingsCell.m */ = {isa = PBXFileReference; fileEncoding = 4; lastKnownFileType = sourcecode.c.objc; path = D3SettingsCell.m; sourceTree = "<group>"; };
		60193491157A150B00257D1D /* D3SelectLanguageViewController.h */ = {isa = PBXFileReference; fileEncoding = 4; lastKnownFileType = sourcecode.c.h; path = D3SelectLanguageViewController.h; sourceTree = "<group>"; };
		60193492157A150B00257D1D /* D3SelectLanguageViewController.m */ = {isa = PBXFileReference; fileEncoding = 4; lastKnownFileType = sourcecode.c.objc; path = D3SelectLanguageViewController.m; sourceTree = "<group>"; };
		6025FC1A157E5E5100A07B48 /* icon@2x.png */ = {isa = PBXFileReference; lastKnownFileType = image.png; path = "icon@2x.png"; sourceTree = "<group>"; };
		6041C355158310BD0091FCD1 /* bg_settings.png */ = {isa = PBXFileReference; lastKnownFileType = image.png; path = bg_settings.png; sourceTree = "<group>"; };
		6041C356158310BD0091FCD1 /* bg_status.png */ = {isa = PBXFileReference; lastKnownFileType = image.png; path = bg_status.png; sourceTree = "<group>"; };
		604350F415790BC600FEC968 /* D3Checker.app */ = {isa = PBXFileReference; explicitFileType = wrapper.application; includeInIndex = 0; path = D3Checker.app; sourceTree = BUILT_PRODUCTS_DIR; };
		604350F815790BC600FEC968 /* UIKit.framework */ = {isa = PBXFileReference; lastKnownFileType = wrapper.framework; name = UIKit.framework; path = System/Library/Frameworks/UIKit.framework; sourceTree = SDKROOT; };
		604350FA15790BC600FEC968 /* Foundation.framework */ = {isa = PBXFileReference; lastKnownFileType = wrapper.framework; name = Foundation.framework; path = System/Library/Frameworks/Foundation.framework; sourceTree = SDKROOT; };
		604350FC15790BC600FEC968 /* CoreGraphics.framework */ = {isa = PBXFileReference; lastKnownFileType = wrapper.framework; name = CoreGraphics.framework; path = System/Library/Frameworks/CoreGraphics.framework; sourceTree = SDKROOT; };
		6043510015790BC600FEC968 /* D3Checker-Info.plist */ = {isa = PBXFileReference; lastKnownFileType = text.plist.xml; path = "D3Checker-Info.plist"; sourceTree = "<group>"; };
		6043510215790BC600FEC968 /* en */ = {isa = PBXFileReference; lastKnownFileType = text.plist.strings; name = en; path = en.lproj/InfoPlist.strings; sourceTree = "<group>"; };
		6043510415790BC600FEC968 /* main.m */ = {isa = PBXFileReference; lastKnownFileType = sourcecode.c.objc; path = main.m; sourceTree = "<group>"; };
		6043510615790BC600FEC968 /* D3Checker-Prefix.pch */ = {isa = PBXFileReference; lastKnownFileType = sourcecode.c.h; path = "D3Checker-Prefix.pch"; sourceTree = "<group>"; };
		6043510715790BC600FEC968 /* AppDelegate.h */ = {isa = PBXFileReference; lastKnownFileType = sourcecode.c.h; name = AppDelegate.h; path = ../../AppDelegate.h; sourceTree = "<group>"; };
		6043510815790BC600FEC968 /* AppDelegate.m */ = {isa = PBXFileReference; lastKnownFileType = sourcecode.c.objc; name = AppDelegate.m; path = ../../AppDelegate.m; sourceTree = "<group>"; };
		6043511015790D0600FEC968 /* HTMLNode.h */ = {isa = PBXFileReference; fileEncoding = 4; lastKnownFileType = sourcecode.c.h; path = HTMLNode.h; sourceTree = "<group>"; };
		6043511115790D0600FEC968 /* HTMLNode.m */ = {isa = PBXFileReference; fileEncoding = 4; lastKnownFileType = sourcecode.c.objc; path = HTMLNode.m; sourceTree = "<group>"; };
		6043511215790D0600FEC968 /* HTMLParser.h */ = {isa = PBXFileReference; fileEncoding = 4; lastKnownFileType = sourcecode.c.h; path = HTMLParser.h; sourceTree = "<group>"; };
		6043511315790D0600FEC968 /* HTMLParser.m */ = {isa = PBXFileReference; fileEncoding = 4; lastKnownFileType = sourcecode.c.objc; path = HTMLParser.m; sourceTree = "<group>"; };
		6043511415790D0600FEC968 /* README.md */ = {isa = PBXFileReference; fileEncoding = 4; lastKnownFileType = text; path = README.md; sourceTree = "<group>"; };
		6043511F15790D4600FEC968 /* libxml2.dylib */ = {isa = PBXFileReference; lastKnownFileType = "compiled.mach-o.dylib"; name = libxml2.dylib; path = usr/lib/libxml2.dylib; sourceTree = SDKROOT; };
		6043512415790E5400FEC968 /* SSettings.h */ = {isa = PBXFileReference; fileEncoding = 4; lastKnownFileType = sourcecode.c.h; path = SSettings.h; sourceTree = "<group>"; };
		6043512515790E5400FEC968 /* SSettings.m */ = {isa = PBXFileReference; fileEncoding = 4; lastKnownFileType = sourcecode.c.objc; path = SSettings.m; sourceTree = "<group>"; };
		6043512F1579100000FEC968 /* Util.h */ = {isa = PBXFileReference; fileEncoding = 4; lastKnownFileType = sourcecode.c.h; path = Util.h; sourceTree = "<group>"; };
		604351301579100000FEC968 /* Util.m */ = {isa = PBXFileReference; fileEncoding = 4; lastKnownFileType = sourcecode.c.objc; path = Util.m; sourceTree = "<group>"; };
		604351321579104E00FEC968 /* SUtil.h */ = {isa = PBXFileReference; fileEncoding = 4; lastKnownFileType = sourcecode.c.h; path = SUtil.h; sourceTree = "<group>"; };
		604351331579104E00FEC968 /* SUtil.m */ = {isa = PBXFileReference; fileEncoding = 4; lastKnownFileType = sourcecode.c.objc; path = SUtil.m; sourceTree = "<group>"; };
		604351351579154900FEC968 /* D3DataManager.h */ = {isa = PBXFileReference; fileEncoding = 4; lastKnownFileType = sourcecode.c.h; path = D3DataManager.h; sourceTree = "<group>"; };
		604351361579154900FEC968 /* D3DataManager.m */ = {isa = PBXFileReference; fileEncoding = 4; lastKnownFileType = sourcecode.c.objc; path = D3DataManager.m; sourceTree = "<group>"; };
		604351381579171300FEC968 /* D3ServerStatusLoader.h */ = {isa = PBXFileReference; fileEncoding = 4; lastKnownFileType = sourcecode.c.h; path = D3ServerStatusLoader.h; sourceTree = "<group>"; };
		604351391579171300FEC968 /* D3ServerStatusLoader.m */ = {isa = PBXFileReference; fileEncoding = 4; lastKnownFileType = sourcecode.c.objc; path = D3ServerStatusLoader.m; sourceTree = "<group>"; };
		6043513C15791B3000FEC968 /* QuartzCore.framework */ = {isa = PBXFileReference; lastKnownFileType = wrapper.framework; name = QuartzCore.framework; path = System/Library/Frameworks/QuartzCore.framework; sourceTree = SDKROOT; };
		6043513E15791BCA00FEC968 /* CoreLocation.framework */ = {isa = PBXFileReference; lastKnownFileType = wrapper.framework; name = CoreLocation.framework; path = System/Library/Frameworks/CoreLocation.framework; sourceTree = SDKROOT; };
		604427E41582F53100A5C59F /* icon.png */ = {isa = PBXFileReference; lastKnownFileType = image.png; path = icon.png; sourceTree = "<group>"; };
		605C4A281582F79700D1FF17 /* bg_status@2x.png */ = {isa = PBXFileReference; lastKnownFileType = image.png; path = "bg_status@2x.png"; sourceTree = "<group>"; };
		6073ECF2157B98CC005C820D /* bg_language.png */ = {isa = PBXFileReference; lastKnownFileType = image.png; path = bg_language.png; sourceTree = "<group>"; };
		6073ECF3157B98CC005C820D /* bg_mail.png */ = {isa = PBXFileReference; lastKnownFileType = image.png; path = bg_mail.png; sourceTree = "<group>"; };
		6073ECF4157B98CC005C820D /* bg_settings@2x.png */ = {isa = PBXFileReference; lastKnownFileType = image.png; path = "bg_settings@2x.png"; sourceTree = "<group>"; };
		6081B6F4157B20490003CDBD /* SStatusControl.h */ = {isa = PBXFileReference; fileEncoding = 4; lastKnownFileType = sourcecode.c.h; path = SStatusControl.h; sourceTree = "<group>"; };
		6081B6F5157B20490003CDBD /* SStatusControl.m */ = {isa = PBXFileReference; fileEncoding = 4; lastKnownFileType = sourcecode.c.objc; path = SStatusControl.m; sourceTree = "<group>"; };
		60CAA1A7157BBC7100A324BA /* MBProgressHUD.h */ = {isa = PBXFileReference; fileEncoding = 4; lastKnownFileType = sourcecode.c.h; path = MBProgressHUD.h; sourceTree = "<group>"; };
		60CAA1A8157BBC7100A324BA /* MBProgressHUD.m */ = {isa = PBXFileReference; fileEncoding = 4; lastKnownFileType = sourcecode.c.objc; path = MBProgressHUD.m; sourceTree = "<group>"; };
		60DE680D157FAAFC0029FC88 /* D3Server.h */ = {isa = PBXFileReference; fileEncoding = 4; lastKnownFileType = sourcecode.c.h; path = D3Server.h; sourceTree = "<group>"; };
		60DE680E157FAAFC0029FC88 /* D3Server.m */ = {isa = PBXFileReference; fileEncoding = 4; lastKnownFileType = sourcecode.c.objc; path = D3Server.m; sourceTree = "<group>"; };
		60F72F7B1579C73B008EE97C /* D3ViewController.h */ = {isa = PBXFileReference; fileEncoding = 4; lastKnownFileType = sourcecode.c.h; path = D3ViewController.h; sourceTree = "<group>"; };
		60F72F7C1579C73B008EE97C /* D3ViewController.m */ = {isa = PBXFileReference; fileEncoding = 4; lastKnownFileType = sourcecode.c.objc; path = D3ViewController.m; sourceTree = "<group>"; };
		60F72F7F1579C75F008EE97C /* D3ServerStatusViewController.h */ = {isa = PBXFileReference; fileEncoding = 4; lastKnownFileType = sourcecode.c.h; path = D3ServerStatusViewController.h; sourceTree = "<group>"; };
		60F72F801579C75F008EE97C /* D3ServerStatusViewController.m */ = {isa = PBXFileReference; fileEncoding = 4; lastKnownFileType = sourcecode.c.objc; path = D3ServerStatusViewController.m; sourceTree = "<group>"; };
		60F72F821579C782008EE97C /* D3SettingsViewController.h */ = {isa = PBXFileReference; fileEncoding = 4; lastKnownFileType = sourcecode.c.h; path = D3SettingsViewController.h; sourceTree = "<group>"; };
		60F72F831579C782008EE97C /* D3SettingsViewController.m */ = {isa = PBXFileReference; fileEncoding = 4; lastKnownFileType = sourcecode.c.objc; path = D3SettingsViewController.m; sourceTree = "<group>"; };
		60F72F941579CD80008EE97C /* D3CustomBGCell.h */ = {isa = PBXFileReference; fileEncoding = 4; lastKnownFileType = sourcecode.c.h; path = D3CustomBGCell.h; sourceTree = "<group>"; };
		60F72F951579CD80008EE97C /* D3CustomBGCell.m */ = {isa = PBXFileReference; fileEncoding = 4; lastKnownFileType = sourcecode.c.objc; path = D3CustomBGCell.m; sourceTree = "<group>"; };
		60F72F971579CDEB008EE97C /* D3TableView.h */ = {isa = PBXFileReference; fileEncoding = 4; lastKnownFileType = sourcecode.c.h; path = D3TableView.h; sourceTree = "<group>"; };
		60F72F981579CDEB008EE97C /* D3TableView.m */ = {isa = PBXFileReference; fileEncoding = 4; lastKnownFileType = sourcecode.c.objc; path = D3TableView.m; sourceTree = "<group>"; };
		60F961F6157C890F00C96AEB /* SystemConfiguration.framework */ = {isa = PBXFileReference; lastKnownFileType = wrapper.framework; name = SystemConfiguration.framework; path = System/Library/Frameworks/SystemConfiguration.framework; sourceTree = SDKROOT; };
		9C004A19158047F500DBC993 /* bg_status_314x360.png */ = {isa = PBXFileReference; lastKnownFileType = image.png; path = bg_status_314x360.png; sourceTree = "<group>"; };
		9C004A1A158047F500DBC993 /* bg_status_flag.gif */ = {isa = PBXFileReference; lastKnownFileType = image.gif; path = bg_status_flag.gif; sourceTree = "<group>"; };
		9C004A5115806C1900DBC993 /* Default.png */ = {isa = PBXFileReference; lastKnownFileType = image.png; path = Default.png; sourceTree = "<group>"; };
		9C6313831592BBA4009820B9 /* ASIAuthenticationDialog.h */ = {isa = PBXFileReference; fileEncoding = 4; lastKnownFileType = sourcecode.c.h; path = ASIAuthenticationDialog.h; sourceTree = "<group>"; };
		9C6313841592BBA4009820B9 /* ASIAuthenticationDialog.m */ = {isa = PBXFileReference; fileEncoding = 4; lastKnownFileType = sourcecode.c.objc; path = ASIAuthenticationDialog.m; sourceTree = "<group>"; };
		9C6313851592BBA4009820B9 /* ASICacheDelegate.h */ = {isa = PBXFileReference; fileEncoding = 4; lastKnownFileType = sourcecode.c.h; path = ASICacheDelegate.h; sourceTree = "<group>"; };
		9C6313861592BBA4009820B9 /* ASIDataCompressor.h */ = {isa = PBXFileReference; fileEncoding = 4; lastKnownFileType = sourcecode.c.h; path = ASIDataCompressor.h; sourceTree = "<group>"; };
		9C6313871592BBA4009820B9 /* ASIDataCompressor.m */ = {isa = PBXFileReference; fileEncoding = 4; lastKnownFileType = sourcecode.c.objc; path = ASIDataCompressor.m; sourceTree = "<group>"; };
		9C6313881592BBA4009820B9 /* ASIDataDecompressor.h */ = {isa = PBXFileReference; fileEncoding = 4; lastKnownFileType = sourcecode.c.h; path = ASIDataDecompressor.h; sourceTree = "<group>"; };
		9C6313891592BBA4009820B9 /* ASIDataDecompressor.m */ = {isa = PBXFileReference; fileEncoding = 4; lastKnownFileType = sourcecode.c.objc; path = ASIDataDecompressor.m; sourceTree = "<group>"; };
		9C63138A1592BBA4009820B9 /* ASIDownloadCache.h */ = {isa = PBXFileReference; fileEncoding = 4; lastKnownFileType = sourcecode.c.h; path = ASIDownloadCache.h; sourceTree = "<group>"; };
		9C63138B1592BBA4009820B9 /* ASIDownloadCache.m */ = {isa = PBXFileReference; fileEncoding = 4; lastKnownFileType = sourcecode.c.objc; path = ASIDownloadCache.m; sourceTree = "<group>"; };
		9C63138C1592BBA4009820B9 /* ASIFormDataRequest.h */ = {isa = PBXFileReference; fileEncoding = 4; lastKnownFileType = sourcecode.c.h; path = ASIFormDataRequest.h; sourceTree = "<group>"; };
		9C63138D1592BBA4009820B9 /* ASIFormDataRequest.m */ = {isa = PBXFileReference; fileEncoding = 4; lastKnownFileType = sourcecode.c.objc; path = ASIFormDataRequest.m; sourceTree = "<group>"; };
		9C63138E1592BBA4009820B9 /* ASIHTTPRequest.h */ = {isa = PBXFileReference; fileEncoding = 4; lastKnownFileType = sourcecode.c.h; path = ASIHTTPRequest.h; sourceTree = "<group>"; };
		9C63138F1592BBA4009820B9 /* ASIHTTPRequest.m */ = {isa = PBXFileReference; fileEncoding = 4; lastKnownFileType = sourcecode.c.objc; path = ASIHTTPRequest.m; sourceTree = "<group>"; };
		9C6313901592BBA4009820B9 /* ASIHTTPRequestConfig.h */ = {isa = PBXFileReference; fileEncoding = 4; lastKnownFileType = sourcecode.c.h; path = ASIHTTPRequestConfig.h; sourceTree = "<group>"; };
		9C6313911592BBA4009820B9 /* ASIHTTPRequestDelegate.h */ = {isa = PBXFileReference; fileEncoding = 4; lastKnownFileType = sourcecode.c.h; path = ASIHTTPRequestDelegate.h; sourceTree = "<group>"; };
		9C6313921592BBA4009820B9 /* ASIInputStream.h */ = {isa = PBXFileReference; fileEncoding = 4; lastKnownFileType = sourcecode.c.h; path = ASIInputStream.h; sourceTree = "<group>"; };
		9C6313931592BBA4009820B9 /* ASIInputStream.m */ = {isa = PBXFileReference; fileEncoding = 4; lastKnownFileType = sourcecode.c.objc; path = ASIInputStream.m; sourceTree = "<group>"; };
		9C6313941592BBA4009820B9 /* ASINetworkQueue.h */ = {isa = PBXFileReference; fileEncoding = 4; lastKnownFileType = sourcecode.c.h; path = ASINetworkQueue.h; sourceTree = "<group>"; };
		9C6313951592BBA4009820B9 /* ASINetworkQueue.m */ = {isa = PBXFileReference; fileEncoding = 4; lastKnownFileType = sourcecode.c.objc; path = ASINetworkQueue.m; sourceTree = "<group>"; };
		9C6313961592BBA4009820B9 /* ASIProgressDelegate.h */ = {isa = PBXFileReference; fileEncoding = 4; lastKnownFileType = sourcecode.c.h; path = ASIProgressDelegate.h; sourceTree = "<group>"; };
		9C6313981592BBA4009820B9 /* ASIWebPageRequest.h */ = {isa = PBXFileReference; fileEncoding = 4; lastKnownFileType = sourcecode.c.h; path = ASIWebPageRequest.h; sourceTree = "<group>"; };
		9C6313991592BBA4009820B9 /* ASIWebPageRequest.m */ = {isa = PBXFileReference; fileEncoding = 4; lastKnownFileType = sourcecode.c.objc; path = ASIWebPageRequest.m; sourceTree = "<group>"; };
		9C63139B1592BBA4009820B9 /* ASICloudFilesCDNRequest.h */ = {isa = PBXFileReference; fileEncoding = 4; lastKnownFileType = sourcecode.c.h; path = ASICloudFilesCDNRequest.h; sourceTree = "<group>"; };
		9C63139C1592BBA4009820B9 /* ASICloudFilesCDNRequest.m */ = {isa = PBXFileReference; fileEncoding = 4; lastKnownFileType = sourcecode.c.objc; path = ASICloudFilesCDNRequest.m; sourceTree = "<group>"; };
		9C63139D1592BBA4009820B9 /* ASICloudFilesContainer.h */ = {isa = PBXFileReference; fileEncoding = 4; lastKnownFileType = sourcecode.c.h; path = ASICloudFilesContainer.h; sourceTree = "<group>"; };
		9C63139E1592BBA4009820B9 /* ASICloudFilesContainer.m */ = {isa = PBXFileReference; fileEncoding = 4; lastKnownFileType = sourcecode.c.objc; path = ASICloudFilesContainer.m; sourceTree = "<group>"; };
		9C63139F1592BBA4009820B9 /* ASICloudFilesContainerRequest.h */ = {isa = PBXFileReference; fileEncoding = 4; lastKnownFileType = sourcecode.c.h; path = ASICloudFilesContainerRequest.h; sourceTree = "<group>"; };
		9C6313A01592BBA4009820B9 /* ASICloudFilesContainerRequest.m */ = {isa = PBXFileReference; fileEncoding = 4; lastKnownFileType = sourcecode.c.objc; path = ASICloudFilesContainerRequest.m; sourceTree = "<group>"; };
		9C6313A11592BBA4009820B9 /* ASICloudFilesContainerXMLParserDelegate.h */ = {isa = PBXFileReference; fileEncoding = 4; lastKnownFileType = sourcecode.c.h; path = ASICloudFilesContainerXMLParserDelegate.h; sourceTree = "<group>"; };
		9C6313A21592BBA4009820B9 /* ASICloudFilesContainerXMLParserDelegate.m */ = {isa = PBXFileReference; fileEncoding = 4; lastKnownFileType = sourcecode.c.objc; path = ASICloudFilesContainerXMLParserDelegate.m; sourceTree = "<group>"; };
		9C6313A31592BBA4009820B9 /* ASICloudFilesObject.h */ = {isa = PBXFileReference; fileEncoding = 4; lastKnownFileType = sourcecode.c.h; path = ASICloudFilesObject.h; sourceTree = "<group>"; };
		9C6313A41592BBA4009820B9 /* ASICloudFilesObject.m */ = {isa = PBXFileReference; fileEncoding = 4; lastKnownFileType = sourcecode.c.objc; path = ASICloudFilesObject.m; sourceTree = "<group>"; };
		9C6313A51592BBA4009820B9 /* ASICloudFilesObjectRequest.h */ = {isa = PBXFileReference; fileEncoding = 4; lastKnownFileType = sourcecode.c.h; path = ASICloudFilesObjectRequest.h; sourceTree = "<group>"; };
		9C6313A61592BBA4009820B9 /* ASICloudFilesObjectRequest.m */ = {isa = PBXFileReference; fileEncoding = 4; lastKnownFileType = sourcecode.c.objc; path = ASICloudFilesObjectRequest.m; sourceTree = "<group>"; };
		9C6313A71592BBA4009820B9 /* ASICloudFilesRequest.h */ = {isa = PBXFileReference; fileEncoding = 4; lastKnownFileType = sourcecode.c.h; path = ASICloudFilesRequest.h; sourceTree = "<group>"; };
		9C6313A81592BBA4009820B9 /* ASICloudFilesRequest.m */ = {isa = PBXFileReference; fileEncoding = 4; lastKnownFileType = sourcecode.c.objc; path = ASICloudFilesRequest.m; sourceTree = "<group>"; };
		9C6313AA1592BBA4009820B9 /* ASINSXMLParserCompat.h */ = {isa = PBXFileReference; fileEncoding = 4; lastKnownFileType = sourcecode.c.h; path = ASINSXMLParserCompat.h; sourceTree = "<group>"; };
		9C6313AB1592BBA4009820B9 /* ASIS3Bucket.h */ = {isa = PBXFileReference; fileEncoding = 4; lastKnownFileType = sourcecode.c.h; path = ASIS3Bucket.h; sourceTree = "<group>"; };
		9C6313AC1592BBA4009820B9 /* ASIS3Bucket.m */ = {isa = PBXFileReference; fileEncoding = 4; lastKnownFileType = sourcecode.c.objc; path = ASIS3Bucket.m; sourceTree = "<group>"; };
		9C6313AD1592BBA4009820B9 /* ASIS3BucketObject.h */ = {isa = PBXFileReference; fileEncoding = 4; lastKnownFileType = sourcecode.c.h; path = ASIS3BucketObject.h; sourceTree = "<group>"; };
		9C6313AE1592BBA4009820B9 /* ASIS3BucketObject.m */ = {isa = PBXFileReference; fileEncoding = 4; lastKnownFileType = sourcecode.c.objc; path = ASIS3BucketObject.m; sourceTree = "<group>"; };
		9C6313AF1592BBA4009820B9 /* ASIS3BucketRequest.h */ = {isa = PBXFileReference; fileEncoding = 4; lastKnownFileType = sourcecode.c.h; path = ASIS3BucketRequest.h; sourceTree = "<group>"; };
		9C6313B01592BBA4009820B9 /* ASIS3BucketRequest.m */ = {isa = PBXFileReference; fileEncoding = 4; lastKnownFileType = sourcecode.c.objc; path = ASIS3BucketRequest.m; sourceTree = "<group>"; };
		9C6313B11592BBA4009820B9 /* ASIS3ObjectRequest.h */ = {isa = PBXFileReference; fileEncoding = 4; lastKnownFileType = sourcecode.c.h; path = ASIS3ObjectRequest.h; sourceTree = "<group>"; };
		9C6313B21592BBA4009820B9 /* ASIS3ObjectRequest.m */ = {isa = PBXFileReference; fileEncoding = 4; lastKnownFileType = sourcecode.c.objc; path = ASIS3ObjectRequest.m; sourceTree = "<group>"; };
		9C6313B31592BBA4009820B9 /* ASIS3Request.h */ = {isa = PBXFileReference; fileEncoding = 4; lastKnownFileType = sourcecode.c.h; path = ASIS3Request.h; sourceTree = "<group>"; };
		9C6313B41592BBA4009820B9 /* ASIS3Request.m */ = {isa = PBXFileReference; fileEncoding = 4; lastKnownFileType = sourcecode.c.objc; path = ASIS3Request.m; sourceTree = "<group>"; };
		9C6313B51592BBA4009820B9 /* ASIS3ServiceRequest.h */ = {isa = PBXFileReference; fileEncoding = 4; lastKnownFileType = sourcecode.c.h; path = ASIS3ServiceRequest.h; sourceTree = "<group>"; };
		9C6313B61592BBA4009820B9 /* ASIS3ServiceRequest.m */ = {isa = PBXFileReference; fileEncoding = 4; lastKnownFileType = sourcecode.c.objc; path = ASIS3ServiceRequest.m; sourceTree = "<group>"; };
		9C6313B91592BBA4009820B9 /* README-GHUnit */ = {isa = PBXFileReference; fileEncoding = 4; lastKnownFileType = text; path = "README-GHUnit"; sourceTree = "<group>"; };
		9C6313BB1592BBA4009820B9 /* Reachability.h */ = {isa = PBXFileReference; fileEncoding = 4; lastKnownFileType = sourcecode.c.h; path = Reachability.h; sourceTree = "<group>"; };
		9C6313BC1592BBA4009820B9 /* Reachability.m */ = {isa = PBXFileReference; fileEncoding = 4; lastKnownFileType = sourcecode.c.objc; path = Reachability.m; sourceTree = "<group>"; };
		9C6313BD1592BBA4009820B9 /* README.textile */ = {isa = PBXFileReference; fileEncoding = 4; lastKnownFileType = text; path = README.textile; sourceTree = "<group>"; };
		9C6313D71592BC05009820B9 /* CFNetwork.framework */ = {isa = PBXFileReference; lastKnownFileType = wrapper.framework; name = CFNetwork.framework; path = System/Library/Frameworks/CFNetwork.framework; sourceTree = SDKROOT; };
		9C6313D91592BC0F009820B9 /* MobileCoreServices.framework */ = {isa = PBXFileReference; lastKnownFileType = wrapper.framework; name = MobileCoreServices.framework; path = System/Library/Frameworks/MobileCoreServices.framework; sourceTree = SDKROOT; };
		9C6313DF1592BC52009820B9 /* libz.1.2.5.dylib */ = {isa = PBXFileReference; lastKnownFileType = "compiled.mach-o.dylib"; name = libz.1.2.5.dylib; path = usr/lib/libz.1.2.5.dylib; sourceTree = SDKROOT; };
		9C6313E31592BEDF009820B9 /* SURLRequest.h */ = {isa = PBXFileReference; fileEncoding = 4; lastKnownFileType = sourcecode.c.h; path = SURLRequest.h; sourceTree = "<group>"; };
		9C6313E41592BEDF009820B9 /* SURLRequest.m */ = {isa = PBXFileReference; fileEncoding = 4; lastKnownFileType = sourcecode.c.objc; path = SURLRequest.m; sourceTree = "<group>"; };
		9C6313E61592BEEC009820B9 /* SDataLoader.h */ = {isa = PBXFileReference; fileEncoding = 4; lastKnownFileType = sourcecode.c.h; path = SDataLoader.h; sourceTree = "<group>"; };
		9C6313E71592BEEC009820B9 /* SDataLoader.m */ = {isa = PBXFileReference; fileEncoding = 4; lastKnownFileType = sourcecode.c.objc; path = SDataLoader.m; sourceTree = "<group>"; };
		9C6313EC1592BF1B009820B9 /* SDataLoaderProtocol.h */ = {isa = PBXFileReference; lastKnownFileType = sourcecode.c.h; path = SDataLoaderProtocol.h; sourceTree = "<group>"; };
		9C6313ED1592BF36009820B9 /* SResponseDefine.h */ = {isa = PBXFileReference; lastKnownFileType = sourcecode.c.h; path = SResponseDefine.h; sourceTree = "<group>"; };
		9C6313EE1592BF48009820B9 /* SURLDefine.h */ = {isa = PBXFileReference; fileEncoding = 4; lastKnownFileType = sourcecode.c.h; path = SURLDefine.h; sourceTree = "<group>"; };
		9C6313EF1592BF48009820B9 /* SURLDefine.m */ = {isa = PBXFileReference; fileEncoding = 4; lastKnownFileType = sourcecode.c.objc; path = SURLDefine.m; sourceTree = "<group>"; };
		9C6313FA1592C341009820B9 /* CHANGELOG.md */ = {isa = PBXFileReference; fileEncoding = 4; lastKnownFileType = text; path = CHANGELOG.md; sourceTree = "<group>"; };
		9C6313FB1592C341009820B9 /* JSONKit.h */ = {isa = PBXFileReference; fileEncoding = 4; lastKnownFileType = sourcecode.c.h; path = JSONKit.h; sourceTree = "<group>"; };
		9C6313FC1592C341009820B9 /* JSONKit.m */ = {isa = PBXFileReference; fileEncoding = 4; lastKnownFileType = sourcecode.c.objc; path = JSONKit.m; sourceTree = "<group>"; };
		9C6313FD1592C341009820B9 /* README.md */ = {isa = PBXFileReference; fileEncoding = 4; lastKnownFileType = text; path = README.md; sourceTree = "<group>"; };
/* End PBXFileReference section */

/* Begin PBXFrameworksBuildPhase section */
		604350F115790BC600FEC968 /* Frameworks */ = {
			isa = PBXFrameworksBuildPhase;
			buildActionMask = 2147483647;
			files = (
				9C6313E01592BC52009820B9 /* libz.1.2.5.dylib in Frameworks */,
				9C6313DA1592BC0F009820B9 /* MobileCoreServices.framework in Frameworks */,
				9C6313D81592BC05009820B9 /* CFNetwork.framework in Frameworks */,
				60F961F7157C890F00C96AEB /* SystemConfiguration.framework in Frameworks */,
				6043513F15791BCB00FEC968 /* CoreLocation.framework in Frameworks */,
				6043513D15791B3000FEC968 /* QuartzCore.framework in Frameworks */,
				6043512015790D4600FEC968 /* libxml2.dylib in Frameworks */,
				604350F915790BC600FEC968 /* UIKit.framework in Frameworks */,
				604350FB15790BC600FEC968 /* Foundation.framework in Frameworks */,
				604350FD15790BC600FEC968 /* CoreGraphics.framework in Frameworks */,
			);
			runOnlyForDeploymentPostprocessing = 0;
		};
/* End PBXFrameworksBuildPhase section */

/* Begin PBXGroup section */
		604350E915790BC600FEC968 = {
			isa = PBXGroup;
			children = (
				604350FE15790BC600FEC968 /* D3Checker */,
				604350F715790BC600FEC968 /* Frameworks */,
				604350F515790BC600FEC968 /* Products */,
			);
			sourceTree = "<group>";
		};
		604350F515790BC600FEC968 /* Products */ = {
			isa = PBXGroup;
			children = (
				604350F415790BC600FEC968 /* D3Checker.app */,
			);
			name = Products;
			sourceTree = "<group>";
		};
		604350F715790BC600FEC968 /* Frameworks */ = {
			isa = PBXGroup;
			children = (
				9C6313F91592C341009820B9 /* JsonKit */,
				9C6313811592BBA4009820B9 /* ASIHttpRequest */,
				6043510F15790D0600FEC968 /* HTMLParser */,
				9C6313DF1592BC52009820B9 /* libz.1.2.5.dylib */,
				9C6313D91592BC0F009820B9 /* MobileCoreServices.framework */,
				9C6313D71592BC05009820B9 /* CFNetwork.framework */,
				60F961F6157C890F00C96AEB /* SystemConfiguration.framework */,
				6043513E15791BCA00FEC968 /* CoreLocation.framework */,
				6043513C15791B3000FEC968 /* QuartzCore.framework */,
				604350F815790BC600FEC968 /* UIKit.framework */,
				604350FA15790BC600FEC968 /* Foundation.framework */,
				604350FC15790BC600FEC968 /* CoreGraphics.framework */,
			);
			name = Frameworks;
			sourceTree = "<group>";
		};
		604350FE15790BC600FEC968 /* D3Checker */ = {
			isa = PBXGroup;
			children = (
				6043511815790D1D00FEC968 /* Classes */,
				6043511D15790D1D00FEC968 /* Resource */,
				604350FF15790BC600FEC968 /* Supporting Files */,
			);
			path = D3Checker;
			sourceTree = "<group>";
		};
		604350FF15790BC600FEC968 /* Supporting Files */ = {
			isa = PBXGroup;
			children = (
				6043510015790BC600FEC968 /* D3Checker-Info.plist */,
				6043510115790BC600FEC968 /* InfoPlist.strings */,
				6043510415790BC600FEC968 /* main.m */,
				6043510615790BC600FEC968 /* D3Checker-Prefix.pch */,
			);
			name = "Supporting Files";
			sourceTree = "<group>";
		};
		6043510F15790D0600FEC968 /* HTMLParser */ = {
			isa = PBXGroup;
			children = (
				6043511F15790D4600FEC968 /* libxml2.dylib */,
				6043511015790D0600FEC968 /* HTMLNode.h */,
				6043511115790D0600FEC968 /* HTMLNode.m */,
				6043511215790D0600FEC968 /* HTMLParser.h */,
				6043511315790D0600FEC968 /* HTMLParser.m */,
				6043511415790D0600FEC968 /* README.md */,
			);
			name = HTMLParser;
			path = D3Checker/Framework/HTMLParser;
			sourceTree = "<group>";
		};
		6043511815790D1D00FEC968 /* Classes */ = {
			isa = PBXGroup;
			children = (
				6043511915790D1D00FEC968 /* Common */,
				6043511A15790D1D00FEC968 /* Controller */,
				6043511B15790D1D00FEC968 /* Model */,
				6043511C15790D1D00FEC968 /* View */,
				6043512315790DCE00FEC968 /* Network */,
			);
			path = Classes;
			sourceTree = "<group>";
		};
		6043511915790D1D00FEC968 /* Common */ = {
			isa = PBXGroup;
			children = (
				6043512F1579100000FEC968 /* Util.h */,
				604351301579100000FEC968 /* Util.m */,
				604351321579104E00FEC968 /* SUtil.h */,
				604351331579104E00FEC968 /* SUtil.m */,
			);
			path = Common;
			sourceTree = "<group>";
		};
		6043511A15790D1D00FEC968 /* Controller */ = {
			isa = PBXGroup;
			children = (
				60F72F871579C797008EE97C /* ServerStatus */,
				60F72F861579C790008EE97C /* Settings */,
				60F72F851579C78B008EE97C /* Base */,
			);
			path = Controller;
			sourceTree = "<group>";
		};
		6043511B15790D1D00FEC968 /* Model */ = {
			isa = PBXGroup;
			children = (
				60DE680D157FAAFC0029FC88 /* D3Server.h */,
				60DE680E157FAAFC0029FC88 /* D3Server.m */,
				6043512415790E5400FEC968 /* SSettings.h */,
				6043512515790E5400FEC968 /* SSettings.m */,
				604351351579154900FEC968 /* D3DataManager.h */,
				604351361579154900FEC968 /* D3DataManager.m */,
			);
			path = Model;
			sourceTree = "<group>";
		};
		6043511C15790D1D00FEC968 /* View */ = {
			isa = PBXGroup;
			children = (
				60CAA1A7157BBC7100A324BA /* MBProgressHUD.h */,
				60CAA1A8157BBC7100A324BA /* MBProgressHUD.m */,
				60F72F941579CD80008EE97C /* D3CustomBGCell.h */,
				60F72F951579CD80008EE97C /* D3CustomBGCell.m */,
				60F72F971579CDEB008EE97C /* D3TableView.h */,
				60F72F981579CDEB008EE97C /* D3TableView.m */,
				601934831579FA0500257D1D /* D3ServerStatusCell.h */,
				601934841579FA0500257D1D /* D3ServerStatusCell.m */,
				6019348A157A0A8400257D1D /* D3SettingsCell.h */,
				6019348B157A0A8400257D1D /* D3SettingsCell.m */,
				6081B6F4157B20490003CDBD /* SStatusControl.h */,
				6081B6F5157B20490003CDBD /* SStatusControl.m */,
			);
			path = View;
			sourceTree = "<group>";
		};
		6043511D15790D1D00FEC968 /* Resource */ = {
			isa = PBXGroup;
			children = (
				6043511E15790D1D00FEC968 /* Image */,
			);
			path = Resource;
			sourceTree = "<group>";
		};
		6043511E15790D1D00FEC968 /* Image */ = {
			isa = PBXGroup;
			children = (
				6041C355158310BD0091FCD1 /* bg_settings.png */,
				6041C356158310BD0091FCD1 /* bg_status.png */,
				605C4A281582F79700D1FF17 /* bg_status@2x.png */,
				604427E41582F53100A5C59F /* icon.png */,
				9C004A5115806C1900DBC993 /* Default.png */,
				9C004A19158047F500DBC993 /* bg_status_314x360.png */,
				9C004A1A158047F500DBC993 /* bg_status_flag.gif */,
				6025FC1A157E5E5100A07B48 /* icon@2x.png */,
				6073ECF2157B98CC005C820D /* bg_language.png */,
				6073ECF3157B98CC005C820D /* bg_mail.png */,
				6073ECF4157B98CC005C820D /* bg_settings@2x.png */,
			);
			path = Image;
			sourceTree = "<group>";
		};
		6043512315790DCE00FEC968 /* Network */ = {
			isa = PBXGroup;
			children = (
				9C6313E21592BE43009820B9 /* Base */,
				9C6313E11592BE2A009820B9 /* D3Loader */,
			);
			path = Network;
			sourceTree = "<group>";
		};
		60F72F851579C78B008EE97C /* Base */ = {
			isa = PBXGroup;
			children = (
				6043510715790BC600FEC968 /* AppDelegate.h */,
				6043510815790BC600FEC968 /* AppDelegate.m */,
				60F72F7B1579C73B008EE97C /* D3ViewController.h */,
				60F72F7C1579C73B008EE97C /* D3ViewController.m */,
			);
			name = Base;
			sourceTree = "<group>";
		};
		60F72F861579C790008EE97C /* Settings */ = {
			isa = PBXGroup;
			children = (
				60F72F821579C782008EE97C /* D3SettingsViewController.h */,
				60F72F831579C782008EE97C /* D3SettingsViewController.m */,
				60193491157A150B00257D1D /* D3SelectLanguageViewController.h */,
				60193492157A150B00257D1D /* D3SelectLanguageViewController.m */,
			);
			name = Settings;
			sourceTree = "<group>";
		};
		60F72F871579C797008EE97C /* ServerStatus */ = {
			isa = PBXGroup;
			children = (
				60F72F7F1579C75F008EE97C /* D3ServerStatusViewController.h */,
				60F72F801579C75F008EE97C /* D3ServerStatusViewController.m */,
			);
			name = ServerStatus;
			sourceTree = "<group>";
		};
		9C6313811592BBA4009820B9 /* ASIHttpRequest */ = {
			isa = PBXGroup;
			children = (
				9C6313821592BBA4009820B9 /* Classes */,
				9C6313B71592BBA4009820B9 /* External */,
				9C6313BD1592BBA4009820B9 /* README.textile */,
			);
			name = ASIHttpRequest;
			path = D3Checker/Framework/ASIHttpRequest;
			sourceTree = "<group>";
		};
		9C6313821592BBA4009820B9 /* Classes */ = {
			isa = PBXGroup;
			children = (
				9C6313831592BBA4009820B9 /* ASIAuthenticationDialog.h */,
				9C6313841592BBA4009820B9 /* ASIAuthenticationDialog.m */,
				9C6313851592BBA4009820B9 /* ASICacheDelegate.h */,
				9C6313861592BBA4009820B9 /* ASIDataCompressor.h */,
				9C6313871592BBA4009820B9 /* ASIDataCompressor.m */,
				9C6313881592BBA4009820B9 /* ASIDataDecompressor.h */,
				9C6313891592BBA4009820B9 /* ASIDataDecompressor.m */,
				9C63138A1592BBA4009820B9 /* ASIDownloadCache.h */,
				9C63138B1592BBA4009820B9 /* ASIDownloadCache.m */,
				9C63138C1592BBA4009820B9 /* ASIFormDataRequest.h */,
				9C63138D1592BBA4009820B9 /* ASIFormDataRequest.m */,
				9C63138E1592BBA4009820B9 /* ASIHTTPRequest.h */,
				9C63138F1592BBA4009820B9 /* ASIHTTPRequest.m */,
				9C6313901592BBA4009820B9 /* ASIHTTPRequestConfig.h */,
				9C6313911592BBA4009820B9 /* ASIHTTPRequestDelegate.h */,
				9C6313921592BBA4009820B9 /* ASIInputStream.h */,
				9C6313931592BBA4009820B9 /* ASIInputStream.m */,
				9C6313941592BBA4009820B9 /* ASINetworkQueue.h */,
				9C6313951592BBA4009820B9 /* ASINetworkQueue.m */,
				9C6313961592BBA4009820B9 /* ASIProgressDelegate.h */,
				9C6313971592BBA4009820B9 /* ASIWebPageRequest */,
				9C63139A1592BBA4009820B9 /* CloudFiles */,
				9C6313A91592BBA4009820B9 /* S3 */,
			);
			path = Classes;
			sourceTree = "<group>";
		};
		9C6313971592BBA4009820B9 /* ASIWebPageRequest */ = {
			isa = PBXGroup;
			children = (
				9C6313981592BBA4009820B9 /* ASIWebPageRequest.h */,
				9C6313991592BBA4009820B9 /* ASIWebPageRequest.m */,
			);
			path = ASIWebPageRequest;
			sourceTree = "<group>";
		};
		9C63139A1592BBA4009820B9 /* CloudFiles */ = {
			isa = PBXGroup;
			children = (
				9C63139B1592BBA4009820B9 /* ASICloudFilesCDNRequest.h */,
				9C63139C1592BBA4009820B9 /* ASICloudFilesCDNRequest.m */,
				9C63139D1592BBA4009820B9 /* ASICloudFilesContainer.h */,
				9C63139E1592BBA4009820B9 /* ASICloudFilesContainer.m */,
				9C63139F1592BBA4009820B9 /* ASICloudFilesContainerRequest.h */,
				9C6313A01592BBA4009820B9 /* ASICloudFilesContainerRequest.m */,
				9C6313A11592BBA4009820B9 /* ASICloudFilesContainerXMLParserDelegate.h */,
				9C6313A21592BBA4009820B9 /* ASICloudFilesContainerXMLParserDelegate.m */,
				9C6313A31592BBA4009820B9 /* ASICloudFilesObject.h */,
				9C6313A41592BBA4009820B9 /* ASICloudFilesObject.m */,
				9C6313A51592BBA4009820B9 /* ASICloudFilesObjectRequest.h */,
				9C6313A61592BBA4009820B9 /* ASICloudFilesObjectRequest.m */,
				9C6313A71592BBA4009820B9 /* ASICloudFilesRequest.h */,
				9C6313A81592BBA4009820B9 /* ASICloudFilesRequest.m */,
			);
			path = CloudFiles;
			sourceTree = "<group>";
		};
		9C6313A91592BBA4009820B9 /* S3 */ = {
			isa = PBXGroup;
			children = (
				9C6313AA1592BBA4009820B9 /* ASINSXMLParserCompat.h */,
				9C6313AB1592BBA4009820B9 /* ASIS3Bucket.h */,
				9C6313AC1592BBA4009820B9 /* ASIS3Bucket.m */,
				9C6313AD1592BBA4009820B9 /* ASIS3BucketObject.h */,
				9C6313AE1592BBA4009820B9 /* ASIS3BucketObject.m */,
				9C6313AF1592BBA4009820B9 /* ASIS3BucketRequest.h */,
				9C6313B01592BBA4009820B9 /* ASIS3BucketRequest.m */,
				9C6313B11592BBA4009820B9 /* ASIS3ObjectRequest.h */,
				9C6313B21592BBA4009820B9 /* ASIS3ObjectRequest.m */,
				9C6313B31592BBA4009820B9 /* ASIS3Request.h */,
				9C6313B41592BBA4009820B9 /* ASIS3Request.m */,
				9C6313B51592BBA4009820B9 /* ASIS3ServiceRequest.h */,
				9C6313B61592BBA4009820B9 /* ASIS3ServiceRequest.m */,
			);
			path = S3;
			sourceTree = "<group>";
		};
		9C6313B71592BBA4009820B9 /* External */ = {
			isa = PBXGroup;
			children = (
				9C6313B81592BBA4009820B9 /* GHUnit */,
				9C6313BA1592BBA4009820B9 /* Reachability */,
			);
			path = External;
			sourceTree = "<group>";
		};
		9C6313B81592BBA4009820B9 /* GHUnit */ = {
			isa = PBXGroup;
			children = (
				9C6313B91592BBA4009820B9 /* README-GHUnit */,
			);
			path = GHUnit;
			sourceTree = "<group>";
		};
		9C6313BA1592BBA4009820B9 /* Reachability */ = {
			isa = PBXGroup;
			children = (
				9C6313BB1592BBA4009820B9 /* Reachability.h */,
				9C6313BC1592BBA4009820B9 /* Reachability.m */,
			);
			path = Reachability;
			sourceTree = "<group>";
		};
		9C6313E11592BE2A009820B9 /* D3Loader */ = {
			isa = PBXGroup;
			children = (
				9C6313ED1592BF36009820B9 /* SResponseDefine.h */,
				9C6313EE1592BF48009820B9 /* SURLDefine.h */,
				9C6313EF1592BF48009820B9 /* SURLDefine.m */,
				604351381579171300FEC968 /* D3ServerStatusLoader.h */,
				604351391579171300FEC968 /* D3ServerStatusLoader.m */,
			);
			name = D3Loader;
			sourceTree = "<group>";
		};
		9C6313E21592BE43009820B9 /* Base */ = {
			isa = PBXGroup;
			children = (
				9C6313E31592BEDF009820B9 /* SURLRequest.h */,
				9C6313E41592BEDF009820B9 /* SURLRequest.m */,
				9C6313E61592BEEC009820B9 /* SDataLoader.h */,
				9C6313E71592BEEC009820B9 /* SDataLoader.m */,
				9C6313EC1592BF1B009820B9 /* SDataLoaderProtocol.h */,
			);
			name = Base;
			sourceTree = "<group>";
		};
		9C6313F91592C341009820B9 /* JsonKit */ = {
			isa = PBXGroup;
			children = (
				9C6313FA1592C341009820B9 /* CHANGELOG.md */,
				9C6313FB1592C341009820B9 /* JSONKit.h */,
				9C6313FC1592C341009820B9 /* JSONKit.m */,
				9C6313FD1592C341009820B9 /* README.md */,
			);
			name = JsonKit;
			path = D3Checker/Framework/JsonKit;
			sourceTree = "<group>";
		};
/* End PBXGroup section */

/* Begin PBXNativeTarget section */
		604350F315790BC600FEC968 /* D3Checker */ = {
			isa = PBXNativeTarget;
			buildConfigurationList = 6043510C15790BC600FEC968 /* Build configuration list for PBXNativeTarget "D3Checker" */;
			buildPhases = (
				604350F015790BC600FEC968 /* Sources */,
				604350F115790BC600FEC968 /* Frameworks */,
				604350F215790BC600FEC968 /* Resources */,
			);
			buildRules = (
			);
			dependencies = (
			);
			name = D3Checker;
			productName = D3Checker;
			productReference = 604350F415790BC600FEC968 /* D3Checker.app */;
			productType = "com.apple.product-type.application";
		};
/* End PBXNativeTarget section */

/* Begin PBXProject section */
		604350EB15790BC600FEC968 /* Project object */ = {
			isa = PBXProject;
			attributes = {
				LastUpgradeCheck = 0430;
				ORGANIZATIONNAME = "shawnt22@gmail.com ";
			};
			buildConfigurationList = 604350EE15790BC600FEC968 /* Build configuration list for PBXProject "D3Checker" */;
			compatibilityVersion = "Xcode 3.2";
			developmentRegion = English;
			hasScannedForEncodings = 0;
			knownRegions = (
				en,
			);
			mainGroup = 604350E915790BC600FEC968;
			productRefGroup = 604350F515790BC600FEC968 /* Products */;
			projectDirPath = "";
			projectRoot = "";
			targets = (
				604350F315790BC600FEC968 /* D3Checker */,
			);
		};
/* End PBXProject section */

/* Begin PBXResourcesBuildPhase section */
		604350F215790BC600FEC968 /* Resources */ = {
			isa = PBXResourcesBuildPhase;
			buildActionMask = 2147483647;
			files = (
				6043510315790BC600FEC968 /* InfoPlist.strings in Resources */,
				6043511715790D0600FEC968 /* README.md in Resources */,
				6073ECF7157B98CC005C820D /* bg_language.png in Resources */,
				6073ECF8157B98CC005C820D /* bg_mail.png in Resources */,
				6073ECF9157B98CC005C820D /* bg_settings@2x.png in Resources */,
				6025FC1B157E5E5100A07B48 /* icon@2x.png in Resources */,
				9C004A1B158047F500DBC993 /* bg_status_314x360.png in Resources */,
				9C004A1C158047F500DBC993 /* bg_status_flag.gif in Resources */,
				9C004A5215806C1900DBC993 /* Default.png in Resources */,
				604427E51582F53100A5C59F /* icon.png in Resources */,
				605C4A291582F79700D1FF17 /* bg_status@2x.png in Resources */,
				6041C357158310BD0091FCD1 /* bg_settings.png in Resources */,
				6041C358158310BD0091FCD1 /* bg_status.png in Resources */,
				9C6313D41592BBA4009820B9 /* README-GHUnit in Resources */,
				9C6313D61592BBA4009820B9 /* README.textile in Resources */,
				9C6313FE1592C341009820B9 /* CHANGELOG.md in Resources */,
				9C6314001592C341009820B9 /* README.md in Resources */,
			);
			runOnlyForDeploymentPostprocessing = 0;
		};
/* End PBXResourcesBuildPhase section */

/* Begin PBXSourcesBuildPhase section */
		604350F015790BC600FEC968 /* Sources */ = {
			isa = PBXSourcesBuildPhase;
			buildActionMask = 2147483647;
			files = (
				6043510515790BC600FEC968 /* main.m in Sources */,
				6043510915790BC600FEC968 /* AppDelegate.m in Sources */,
				6043511515790D0600FEC968 /* HTMLNode.m in Sources */,
				6043511615790D0600FEC968 /* HTMLParser.m in Sources */,
				6043512615790E5400FEC968 /* SSettings.m in Sources */,
				604351311579100000FEC968 /* Util.m in Sources */,
				604351341579104E00FEC968 /* SUtil.m in Sources */,
				604351371579154900FEC968 /* D3DataManager.m in Sources */,
				6043513A1579171300FEC968 /* D3ServerStatusLoader.m in Sources */,
				60F72F7D1579C73B008EE97C /* D3ViewController.m in Sources */,
				60F72F811579C75F008EE97C /* D3ServerStatusViewController.m in Sources */,
				60F72F841579C782008EE97C /* D3SettingsViewController.m in Sources */,
				60F72F961579CD80008EE97C /* D3CustomBGCell.m in Sources */,
				60F72F991579CDEB008EE97C /* D3TableView.m in Sources */,
				601934851579FA0500257D1D /* D3ServerStatusCell.m in Sources */,
				6019348C157A0A8400257D1D /* D3SettingsCell.m in Sources */,
				60193493157A150B00257D1D /* D3SelectLanguageViewController.m in Sources */,
				6081B6F6157B20490003CDBD /* SStatusControl.m in Sources */,
				60CAA1A9157BBC7200A324BA /* MBProgressHUD.m in Sources */,
				60DE680F157FAAFC0029FC88 /* D3Server.m in Sources */,
				9C6313BE1592BBA4009820B9 /* ASIAuthenticationDialog.m in Sources */,
				9C6313BF1592BBA4009820B9 /* ASIDataCompressor.m in Sources */,
				9C6313C01592BBA4009820B9 /* ASIDataDecompressor.m in Sources */,
				9C6313C11592BBA4009820B9 /* ASIDownloadCache.m in Sources */,
				9C6313C21592BBA4009820B9 /* ASIFormDataRequest.m in Sources */,
				9C6313C31592BBA4009820B9 /* ASIHTTPRequest.m in Sources */,
				9C6313C41592BBA4009820B9 /* ASIInputStream.m in Sources */,
				9C6313C51592BBA4009820B9 /* ASINetworkQueue.m in Sources */,
				9C6313C61592BBA4009820B9 /* ASIWebPageRequest.m in Sources */,
				9C6313C71592BBA4009820B9 /* ASICloudFilesCDNRequest.m in Sources */,
				9C6313C81592BBA4009820B9 /* ASICloudFilesContainer.m in Sources */,
				9C6313C91592BBA4009820B9 /* ASICloudFilesContainerRequest.m in Sources */,
				9C6313CA1592BBA4009820B9 /* ASICloudFilesContainerXMLParserDelegate.m in Sources */,
				9C6313CB1592BBA4009820B9 /* ASICloudFilesObject.m in Sources */,
				9C6313CC1592BBA4009820B9 /* ASICloudFilesObjectRequest.m in Sources */,
				9C6313CD1592BBA4009820B9 /* ASICloudFilesRequest.m in Sources */,
				9C6313CE1592BBA4009820B9 /* ASIS3Bucket.m in Sources */,
				9C6313CF1592BBA4009820B9 /* ASIS3BucketObject.m in Sources */,
				9C6313D01592BBA4009820B9 /* ASIS3BucketRequest.m in Sources */,
				9C6313D11592BBA4009820B9 /* ASIS3ObjectRequest.m in Sources */,
				9C6313D21592BBA4009820B9 /* ASIS3Request.m in Sources */,
				9C6313D31592BBA4009820B9 /* ASIS3ServiceRequest.m in Sources */,
				9C6313D51592BBA4009820B9 /* Reachability.m in Sources */,
				9C6313E51592BEDF009820B9 /* SURLRequest.m in Sources */,
				9C6313E81592BEEC009820B9 /* SDataLoader.m in Sources */,
				9C6313F01592BF48009820B9 /* SURLDefine.m in Sources */,
				9C6313FF1592C341009820B9 /* JSONKit.m in Sources */,
			);
			runOnlyForDeploymentPostprocessing = 0;
		};
/* End PBXSourcesBuildPhase section */

/* Begin PBXVariantGroup section */
		6043510115790BC600FEC968 /* InfoPlist.strings */ = {
			isa = PBXVariantGroup;
			children = (
				6043510215790BC600FEC968 /* en */,
			);
			name = InfoPlist.strings;
			sourceTree = "<group>";
		};
/* End PBXVariantGroup section */

/* Begin XCBuildConfiguration section */
		6043510A15790BC600FEC968 /* Debug */ = {
			isa = XCBuildConfiguration;
			buildSettings = {
				ALWAYS_SEARCH_USER_PATHS = NO;
				ARCHS = "$(ARCHS_STANDARD_32_BIT)";
				CODE_SIGN_IDENTITY = "iPhone Developer";
				"CODE_SIGN_IDENTITY[sdk=iphoneos*]" = "iPhone Developer";
				COPY_PHASE_STRIP = NO;
				GCC_C_LANGUAGE_STANDARD = gnu99;
				GCC_DYNAMIC_NO_PIC = NO;
				GCC_OPTIMIZATION_LEVEL = 0;
				GCC_PREPROCESSOR_DEFINITIONS = (
					"DEBUG=1",
					"$(inherited)",
				);
				GCC_SYMBOLS_PRIVATE_EXTERN = NO;
				GCC_VERSION = com.apple.compilers.llvm.clang.1_0;
				GCC_WARN_ABOUT_RETURN_TYPE = YES;
				GCC_WARN_UNINITIALIZED_AUTOS = YES;
				GCC_WARN_UNUSED_VARIABLE = YES;
				HEADER_SEARCH_PATHS = /usr/include/libxml2;
				IPHONEOS_DEPLOYMENT_TARGET = 4.0;
				PROVISIONING_PROFILE = "";
				SDKROOT = iphoneos;
			};
			name = Debug;
		};
		6043510B15790BC600FEC968 /* Release */ = {
			isa = XCBuildConfiguration;
			buildSettings = {
				ALWAYS_SEARCH_USER_PATHS = NO;
				ARCHS = "$(ARCHS_STANDARD_32_BIT)";
				CODE_SIGN_IDENTITY = "iPhone Distribution: SONGSONG TENG";
				"CODE_SIGN_IDENTITY[sdk=iphoneos*]" = "iPhone Distribution: SONGSONG TENG";
				COPY_PHASE_STRIP = YES;
				GCC_C_LANGUAGE_STANDARD = gnu99;
				GCC_VERSION = com.apple.compilers.llvm.clang.1_0;
				GCC_WARN_ABOUT_RETURN_TYPE = YES;
				GCC_WARN_UNINITIALIZED_AUTOS = YES;
				GCC_WARN_UNUSED_VARIABLE = YES;
				HEADER_SEARCH_PATHS = /usr/include/libxml2;
				IPHONEOS_DEPLOYMENT_TARGET = 4.0;
				OTHER_CFLAGS = "-DNS_BLOCK_ASSERTIONS=1";
				PROVISIONING_PROFILE = "E231428D-9D67-4601-9613-156784743415";
				"PROVISIONING_PROFILE[sdk=iphoneos*]" = "E231428D-9D67-4601-9613-156784743415";
				SDKROOT = iphoneos;
				VALIDATE_PRODUCT = YES;
			};
			name = Release;
		};
		6043510D15790BC600FEC968 /* Debug */ = {
			isa = XCBuildConfiguration;
			buildSettings = {
				GCC_PRECOMPILE_PREFIX_HEADER = YES;
				GCC_PREFIX_HEADER = "D3Checker/D3Checker-Prefix.pch";
				INFOPLIST_FILE = "D3Checker/D3Checker-Info.plist";
				PRODUCT_NAME = "$(TARGET_NAME)";
				WRAPPER_EXTENSION = app;
			};
			name = Debug;
		};
		6043510E15790BC600FEC968 /* Release */ = {
			isa = XCBuildConfiguration;
			buildSettings = {
				GCC_PRECOMPILE_PREFIX_HEADER = YES;
				GCC_PREFIX_HEADER = "D3Checker/D3Checker-Prefix.pch";
				INFOPLIST_FILE = "D3Checker/D3Checker-Info.plist";
				PRODUCT_NAME = "$(TARGET_NAME)";
				WRAPPER_EXTENSION = app;
			};
			name = Release;
		};
		6043512115790D9200FEC968 /* Adhoc */ = {
			isa = XCBuildConfiguration;
			buildSettings = {
				ALWAYS_SEARCH_USER_PATHS = NO;
				ARCHS = "$(ARCHS_STANDARD_32_BIT)";
				CODE_SIGN_IDENTITY = "iPhone Distribution";
				"CODE_SIGN_IDENTITY[sdk=iphoneos*]" = "iPhone Distribution";
				COPY_PHASE_STRIP = YES;
				GCC_C_LANGUAGE_STANDARD = gnu99;
				GCC_VERSION = com.apple.compilers.llvm.clang.1_0;
				GCC_WARN_ABOUT_RETURN_TYPE = YES;
				GCC_WARN_UNINITIALIZED_AUTOS = YES;
				GCC_WARN_UNUSED_VARIABLE = YES;
				HEADER_SEARCH_PATHS = /usr/include/libxml2;
				IPHONEOS_DEPLOYMENT_TARGET = 4.0;
				OTHER_CFLAGS = "-DNS_BLOCK_ASSERTIONS=1";
				PROVISIONING_PROFILE = "";
				"PROVISIONING_PROFILE[sdk=iphoneos*]" = "";
				SDKROOT = iphoneos;
				VALIDATE_PRODUCT = YES;
			};
			name = Adhoc;
		};
		6043512215790D9200FEC968 /* Adhoc */ = {
			isa = XCBuildConfiguration;
			buildSettings = {
				GCC_PRECOMPILE_PREFIX_HEADER = YES;
				GCC_PREFIX_HEADER = "D3Checker/D3Checker-Prefix.pch";
				INFOPLIST_FILE = "D3Checker/D3Checker-Info.plist";
				PRODUCT_NAME = "$(TARGET_NAME)";
				WRAPPER_EXTENSION = app;
			};
			name = Adhoc;
		};
/* End XCBuildConfiguration section */

/* Begin XCConfigurationList section */
		604350EE15790BC600FEC968 /* Build configuration list for PBXProject "D3Checker" */ = {
			isa = XCConfigurationList;
			buildConfigurations = (
				6043510A15790BC600FEC968 /* Debug */,
				6043510B15790BC600FEC968 /* Release */,
				6043512115790D9200FEC968 /* Adhoc */,
			);
			defaultConfigurationIsVisible = 0;
			defaultConfigurationName = Release;
		};
		6043510C15790BC600FEC968 /* Build configuration list for PBXNativeTarget "D3Checker" */ = {
			isa = XCConfigurationList;
			buildConfigurations = (
				6043510D15790BC600FEC968 /* Debug */,
				6043510E15790BC600FEC968 /* Release */,
				6043512215790D9200FEC968 /* Adhoc */,
			);
			defaultConfigurationIsVisible = 0;
			defaultConfigurationName = Release;
		};
/* End XCConfigurationList section */
	};
	rootObject = 604350EB15790BC600FEC968 /* Project object */;
}
